// !$*UTF8*$!
{
	archiveVersion = 1;
	classes = {
	};
	objectVersion = 46;
	objects = {

/* Begin PBXAggregateTarget section */
		4C9EC4A454749FBE1D2D68B5 /* ModuleSystem_autogen */ = {
			isa = PBXAggregateTarget;
			buildConfigurationList = AFD850D098ED49BDA555A126 /* Build configuration list for PBXAggregateTarget "ModuleSystem_autogen" */;
			buildPhases = (
				30160C1B795B6B874F90C0E8 /* Generate CMakeFiles/ModuleSystem_autogen */,
			);
			dependencies = (
				F007B7219A264EF6829A0FF8 /* PBXTargetDependency */,
			);
			name = ModuleSystem_autogen;
			productName = ModuleSystem_autogen;
		};
		57A288EB351325B848E4851A /* ZERO_CHECK */ = {
			isa = PBXAggregateTarget;
			buildConfigurationList = 6F7A33C6937F485699E23B61 /* Build configuration list for PBXAggregateTarget "ZERO_CHECK" */;
			buildPhases = (
				44C7106A5BEE7DDDF2D9D452 /* Generate CMakeFiles/ZERO_CHECK */,
			);
			dependencies = (
			);
			name = ZERO_CHECK;
			productName = ZERO_CHECK;
		};
		BA2B4436B203E9373C2FD904 /* test_modules_autogen */ = {
			isa = PBXAggregateTarget;
			buildConfigurationList = 6F06E7DE47834AA1AFDC3D1A /* Build configuration list for PBXAggregateTarget "test_modules_autogen" */;
			buildPhases = (
				C6D41B588F4BA00DCB710938 /* Generate CMakeFiles/test_modules_autogen */,
			);
			dependencies = (
				8EE629F3403843AD823D5BE5 /* PBXTargetDependency */,
			);
			name = test_modules_autogen;
			productName = test_modules_autogen;
		};
		F245C451C22E0F2CE000DE9F /* ALL_BUILD */ = {
			isa = PBXAggregateTarget;
			buildConfigurationList = 1AE3FB11E61D46D28399EAD9 /* Build configuration list for PBXAggregateTarget "ALL_BUILD" */;
			buildPhases = (
				294F2C185C826C3E4C5627F0 /* Generate CMakeFiles/ALL_BUILD */,
			);
			dependencies = (
				D43982864AEB489F9E7CAA36 /* PBXTargetDependency */,
				7ECBA9A8E23749ECB4D7295E /* PBXTargetDependency */,
				61286466245745C686CA185A /* PBXTargetDependency */,
			);
			name = ALL_BUILD;
			productName = ALL_BUILD;
		};
/* End PBXAggregateTarget section */

/* Begin PBXBuildFile section */
		00580A584B694591AE340BC7 /* /Volumes/ACGcomrade_entelechy/kaiMemoriesProject/moduleSystem/include/modules/CustomModuleTemplate.h */ = {isa = PBXBuildFile; fileRef = A818261C0A3E4EB3882B2C3B /* /Volumes/ACGcomrade_entelechy/kaiMemoriesProject/moduleSystem/include/modules/CustomModuleTemplate.h */; };
		0202B9651F3A4A7FACE48FB6 /* /Volumes/ACGcomrade_entelechy/kaiMemoriesProject/moduleSystem/include/modules/ModuleBase.h */ = {isa = PBXBuildFile; fileRef = 0A6BE1B1518F449995AD6BD5 /* /Volumes/ACGcomrade_entelechy/kaiMemoriesProject/moduleSystem/include/modules/ModuleBase.h */; };
		05137F76AB134715BCCD239F /* /Volumes/ACGcomrade_entelechy/kaiMemoriesProject/moduleSystem/build_xcode/ModuleSystem_autogen/mocs_compilation.cpp */ = {isa = PBXBuildFile; fileRef = 0371A9876D5946A0B72F052F /* /Volumes/ACGcomrade_entelechy/kaiMemoriesProject/moduleSystem/build_xcode/ModuleSystem_autogen/mocs_compilation.cpp */; };
		062BEC9AD98E4257979BDD4D /* /Volumes/ACGcomrade_entelechy/kaiMemoriesProject/moduleSystem/src/main.cpp */ = {isa = PBXBuildFile; fileRef = E7C4461672AD4F409641E1C5 /* /Volumes/ACGcomrade_entelechy/kaiMemoriesProject/moduleSystem/src/main.cpp */; };
		08C7396D69C54B52ACC84CB3 /* /Volumes/ACGcomrade_entelechy/kaiMemoriesProject/moduleSystem/build_xcode/CMakeFiles/ModuleSystem.dir/Info.plist */ = {isa = PBXBuildFile; fileRef = 03C20053155C4AA597F3D74F /* /Volumes/ACGcomrade_entelechy/kaiMemoriesProject/moduleSystem/build_xcode/CMakeFiles/ModuleSystem.dir/Info.plist */; };
		0F7F5F87AA1A4FEDA6D9B8A5 /* /opt/homebrew/opt/qt@6/lib/QtWidgets.framework */ = {isa = PBXBuildFile; fileRef = 90E96A65BD544B519DDDF40D /* /opt/homebrew/opt/qt@6/lib/QtWidgets.framework */; };
		11B9931DD2014CD9A23105C4 /* /Volumes/ACGcomrade_entelechy/kaiMemoriesProject/moduleSystem/src/modules/ModuleBase.cpp */ = {isa = PBXBuildFile; fileRef = 4AC8FBF13931401588F03A42 /* /Volumes/ACGcomrade_entelechy/kaiMemoriesProject/moduleSystem/src/modules/ModuleBase.cpp */; };
		155F0EAB081D4F7EA8F719B6 /* /Volumes/ACGcomrade_entelechy/kaiMemoriesProject/moduleSystem/include/modules/CustomModuleTemplate.h */ = {isa = PBXBuildFile; fileRef = 637DF65BEB954609B75DA059 /* /Volumes/ACGcomrade_entelechy/kaiMemoriesProject/moduleSystem/include/modules/CustomModuleTemplate.h */; };
		18EC158F1D194238A7D3126E /* /Volumes/ACGcomrade_entelechy/kaiMemoriesProject/moduleSystem/include/modules/ExampleModule.h */ = {isa = PBXBuildFile; fileRef = 1A5959A9D3D048C4A5B57280 /* /Volumes/ACGcomrade_entelechy/kaiMemoriesProject/moduleSystem/include/modules/ExampleModule.h */; };
		195F9894E0C64B3F8737F7D1 /* /opt/homebrew/opt/qt@6/lib/QtGui.framework */ = {isa = PBXBuildFile; fileRef = D699FB0A77B44AC8961391EA /* /opt/homebrew/opt/qt@6/lib/QtGui.framework */; };
		2523BF71E89349978286F680 /* /Volumes/ACGcomrade_entelechy/kaiMemoriesProject/moduleSystem/src/modules/CustomModuleTemplate.cpp */ = {isa = PBXBuildFile; fileRef = B2710CF38823439D83D6364D /* /Volumes/ACGcomrade_entelechy/kaiMemoriesProject/moduleSystem/src/modules/CustomModuleTemplate.cpp */; };
		3E59F4FE26E145C48249A9E3 /* /Volumes/ACGcomrade_entelechy/kaiMemoriesProject/moduleSystem/build_xcode/test_modules_autogen/mocs_compilation.cpp */ = {isa = PBXBuildFile; fileRef = A0017AE2AB2648BCA63DFE35 /* /Volumes/ACGcomrade_entelechy/kaiMemoriesProject/moduleSystem/build_xcode/test_modules_autogen/mocs_compilation.cpp */; };
		3F4388D3A1A84882BF298DF9 /* /Volumes/ACGcomrade_entelechy/kaiMemoriesProject/moduleSystem/src/modules/ExampleModule.cpp */ = {isa = PBXBuildFile; fileRef = C8E35A92EED34F40A742E05C /* /Volumes/ACGcomrade_entelechy/kaiMemoriesProject/moduleSystem/src/modules/ExampleModule.cpp */; };
		41CEFD691E3F483D98BBC2C3 /* /Volumes/ACGcomrade_entelechy/kaiMemoriesProject/moduleSystem/src/modules/ExampleModule.cpp */ = {isa = PBXBuildFile; fileRef = E6EEDA06A8634AFC8E69658E /* /Volumes/ACGcomrade_entelechy/kaiMemoriesProject/moduleSystem/src/modules/ExampleModule.cpp */; };
		556FFE1DA03A4B8D9B36D752 /* /Volumes/ACGcomrade_entelechy/kaiMemoriesProject/moduleSystem/src/modules/ModuleManager.cpp */ = {isa = PBXBuildFile; fileRef = 8CA66EA6C58A4F7AB7BE729D /* /Volumes/ACGcomrade_entelechy/kaiMemoriesProject/moduleSystem/src/modules/ModuleManager.cpp */; };
		7FB68C846E5342BF89888471 /* /Volumes/ACGcomrade_entelechy/kaiMemoriesProject/moduleSystem/src/MainWindow.cpp */ = {isa = PBXBuildFile; fileRef = 7B7B7522DE43482785DAB6EF /* /Volumes/ACGcomrade_entelechy/kaiMemoriesProject/moduleSystem/src/MainWindow.cpp */; };
		82EA300A094B4F5283E336EA /* /Volumes/ACGcomrade_entelechy/kaiMemoriesProject/moduleSystem/include/ResizableSlotWidget.h */ = {isa = PBXBuildFile; fileRef = 6AD5C93A0DA647468AA2AAC4 /* /Volumes/ACGcomrade_entelechy/kaiMemoriesProject/moduleSystem/include/ResizableSlotWidget.h */; };
		98308471F4C04B229460F461 /* /Volumes/ACGcomrade_entelechy/kaiMemoriesProject/moduleSystem/include/modules/ModuleManager.h */ = {isa = PBXBuildFile; fileRef = C6453E92E9584DC19A36AC54 /* /Volumes/ACGcomrade_entelechy/kaiMemoriesProject/moduleSystem/include/modules/ModuleManager.h */; };
		9B8B3F2C96DA40E0BC854D61 /* /Volumes/ACGcomrade_entelechy/kaiMemoriesProject/moduleSystem/include/MainWindow.h */ = {isa = PBXBuildFile; fileRef = 5DAC3A7A01A24A11A498F276 /* /Volumes/ACGcomrade_entelechy/kaiMemoriesProject/moduleSystem/include/MainWindow.h */; };
		A54ABB8531804734BBB2F2B2 /* /Volumes/ACGcomrade_entelechy/kaiMemoriesProject/moduleSystem/src/modules/ModuleBase.cpp */ = {isa = PBXBuildFile; fileRef = 040DBC2AF9B94024B2EF1816 /* /Volumes/ACGcomrade_entelechy/kaiMemoriesProject/moduleSystem/src/modules/ModuleBase.cpp */; };
		A628BD87DF974CD5A8C82ECB /* /Volumes/ACGcomrade_entelechy/kaiMemoriesProject/moduleSystem/src/test_modules.cpp */ = {isa = PBXBuildFile; fileRef = 43192E30CE9F41BB83399565 /* /Volumes/ACGcomrade_entelechy/kaiMemoriesProject/moduleSystem/src/test_modules.cpp */; };
		A82F94D6BC8448F68F48994B /* /Volumes/ACGcomrade_entelechy/kaiMemoriesProject/moduleSystem/src/modules/ModuleManager.cpp */ = {isa = PBXBuildFile; fileRef = 43F062740B5D4117968D796B /* /Volumes/ACGcomrade_entelechy/kaiMemoriesProject/moduleSystem/src/modules/ModuleManager.cpp */; };
		AC040BA6E3D148F99B1F6A97 /* /opt/homebrew/opt/qt@6/lib/QtCore.framework */ = {isa = PBXBuildFile; fileRef = 564E42FFE5D94E0798BB65D6 /* /opt/homebrew/opt/qt@6/lib/QtCore.framework */; };
		AF1900A98D384438929BE84F /* /Volumes/ACGcomrade_entelechy/kaiMemoriesProject/moduleSystem/include/modules/ExampleModule.h */ = {isa = PBXBuildFile; fileRef = B123CAE574504328A9B6270A /* /Volumes/ACGcomrade_entelechy/kaiMemoriesProject/moduleSystem/include/modules/ExampleModule.h */; };
		B793C513F0CB4754A640AEB7 /* /Volumes/ACGcomrade_entelechy/kaiMemoriesProject/moduleSystem/include/modules/ModuleManager.h */ = {isa = PBXBuildFile; fileRef = 5092A87669594911812EEE7B /* /Volumes/ACGcomrade_entelechy/kaiMemoriesProject/moduleSystem/include/modules/ModuleManager.h */; };
		C731429EDFF54D878935F1B1 /* /Volumes/ACGcomrade_entelechy/kaiMemoriesProject/moduleSystem/include/PerformanceMonitor.h */ = {isa = PBXBuildFile; fileRef = 28284B8F09904E6D8A7E17F6 /* /Volumes/ACGcomrade_entelechy/kaiMemoriesProject/moduleSystem/include/PerformanceMonitor.h */; };
		C781591D74B640D8897ADDE3 /* /Volumes/ACGcomrade_entelechy/kaiMemoriesProject/moduleSystem/src/modules/CustomModuleTemplate.cpp */ = {isa = PBXBuildFile; fileRef = FC5D92DD3AE647309C9FBCA3 /* /Volumes/ACGcomrade_entelechy/kaiMemoriesProject/moduleSystem/src/modules/CustomModuleTemplate.cpp */; };
		C7E768370A8A4A079F774B08 /* /Volumes/ACGcomrade_entelechy/kaiMemoriesProject/moduleSystem/src/ResizableSlotWidget.cpp */ = {isa = PBXBuildFile; fileRef = B122F03E2D7C47C8B6F1A55B /* /Volumes/ACGcomrade_entelechy/kaiMemoriesProject/moduleSystem/src/ResizableSlotWidget.cpp */; };
		CD8EF8487AEB47F1B9CBC2D6 /* /Volumes/ACGcomrade_entelechy/kaiMemoriesProject/moduleSystem/CMakeLists.txt */ = {isa = PBXBuildFile; fileRef = 6C09D69502DE456E859B0E0E /* /Volumes/ACGcomrade_entelechy/kaiMemoriesProject/moduleSystem/CMakeLists.txt */; };
		D02CDDAD441F440BBC01C318 /* /Volumes/ACGcomrade_entelechy/kaiMemoriesProject/moduleSystem/CMakeLists.txt */ = {isa = PBXBuildFile; fileRef = 197A2725800F461EB6055BF4 /* /Volumes/ACGcomrade_entelechy/kaiMemoriesProject/moduleSystem/CMakeLists.txt */; };
		ED73173EDE3544EFBF6B1B4E /* /Volumes/ACGcomrade_entelechy/kaiMemoriesProject/moduleSystem/src/PerformanceMonitor.cpp */ = {isa = PBXBuildFile; fileRef = F1D649A4E9E44FECB17A7D7F /* /Volumes/ACGcomrade_entelechy/kaiMemoriesProject/moduleSystem/src/PerformanceMonitor.cpp */; };
		F546A05777D743038C9828AB /* /Volumes/ACGcomrade_entelechy/kaiMemoriesProject/moduleSystem/include/modules/ModuleBase.h */ = {isa = PBXBuildFile; fileRef = 3844B79B7E514A01B0A3A8BF /* /Volumes/ACGcomrade_entelechy/kaiMemoriesProject/moduleSystem/include/modules/ModuleBase.h */; };
/* End PBXBuildFile section */

/* Begin PBXBuildStyle section */
		36C0F4116795481D87EA0D67 /* Release */ = {
			isa = PBXBuildStyle;
			buildSettings = {
				COPY_PHASE_STRIP = NO;
			};
			name = Release;
		};
		D5FC3C5B2617450B9888D72C /* MinSizeRel */ = {
			isa = PBXBuildStyle;
			buildSettings = {
				COPY_PHASE_STRIP = NO;
			};
			name = MinSizeRel;
		};
		DB488C514B4C4363995274C9 /* Debug */ = {
			isa = PBXBuildStyle;
			buildSettings = {
				COPY_PHASE_STRIP = NO;
			};
			name = Debug;
		};
		E4D3435FB75E4E3E994D8EA3 /* RelWithDebInfo */ = {
			isa = PBXBuildStyle;
			buildSettings = {
				COPY_PHASE_STRIP = NO;
			};
			name = RelWithDebInfo;
		};
/* End PBXBuildStyle section */

/* Begin PBXContainerItemProxy section */
		0DA4235DADFF4C439D320E10 /* PBXContainerItemProxy */ = {
			isa = PBXContainerItemProxy;
			containerPortal = 2C67F38AA09A48D4BD774AB0 /* Project object */;
			proxyType = 1;
			remoteGlobalIDString = 57A288EB351325B848E4851A;
			remoteInfo = ZERO_CHECK;
		};
		16BF87B2C06345499E100E48 /* PBXContainerItemProxy */ = {
			isa = PBXContainerItemProxy;
			containerPortal = 2C67F38AA09A48D4BD774AB0 /* Project object */;
			proxyType = 1;
			remoteGlobalIDString = 57A288EB351325B848E4851A;
			remoteInfo = ZERO_CHECK;
		};
		480D8318F1FE4B0FA36C2B9C /* PBXContainerItemProxy */ = {
			isa = PBXContainerItemProxy;
			containerPortal = 2C67F38AA09A48D4BD774AB0 /* Project object */;
			proxyType = 1;
			remoteGlobalIDString = BA2B4436B203E9373C2FD904;
			remoteInfo = test_modules_autogen;
		};
		4DCAD5FAEB644A77B63C617B /* PBXContainerItemProxy */ = {
			isa = PBXContainerItemProxy;
			containerPortal = 2C67F38AA09A48D4BD774AB0 /* Project object */;
			proxyType = 1;
			remoteGlobalIDString = 57A288EB351325B848E4851A;
			remoteInfo = ZERO_CHECK;
		};
		89BD48AA4E3249EFA0EE0649 /* PBXContainerItemProxy */ = {
			isa = PBXContainerItemProxy;
			containerPortal = 2C67F38AA09A48D4BD774AB0 /* Project object */;
			proxyType = 1;
			remoteGlobalIDString = 5E8CC2BA43DD0D1EE7B163E6;
			remoteInfo = test_modules;
		};
		942D3878711D444690EB9EEC /* PBXContainerItemProxy */ = {
			isa = PBXContainerItemProxy;
			containerPortal = 2C67F38AA09A48D4BD774AB0 /* Project object */;
			proxyType = 1;
			remoteGlobalIDString = 57A288EB351325B848E4851A;
			remoteInfo = ZERO_CHECK;
		};
		BEE997F2C15A473096A5AFA9 /* PBXContainerItemProxy */ = {
			isa = PBXContainerItemProxy;
			containerPortal = 2C67F38AA09A48D4BD774AB0 /* Project object */;
			proxyType = 1;
			remoteGlobalIDString = 4C9EC4A454749FBE1D2D68B5;
			remoteInfo = ModuleSystem_autogen;
		};
		CBB8B81758BA4355A81B5620 /* PBXContainerItemProxy */ = {
			isa = PBXContainerItemProxy;
			containerPortal = 2C67F38AA09A48D4BD774AB0 /* Project object */;
			proxyType = 1;
			remoteGlobalIDString = 57A288EB351325B848E4851A;
			remoteInfo = ZERO_CHECK;
		};
		E144F45C33634AD1B05875CD /* PBXContainerItemProxy */ = {
			isa = PBXContainerItemProxy;
			containerPortal = 2C67F38AA09A48D4BD774AB0 /* Project object */;
			proxyType = 1;
			remoteGlobalIDString = 84598D00F515292F5439D843;
			remoteInfo = ModuleSystem;
		};
/* End PBXContainerItemProxy section */

/* Begin PBXFileReference section */
		0371A9876D5946A0B72F052F /* /Volumes/ACGcomrade_entelechy/kaiMemoriesProject/moduleSystem/build_xcode/ModuleSystem_autogen/mocs_compilation.cpp */ = {isa = PBXFileReference; explicitFileType = sourcecode.cpp.cpp; fileEncoding = 4; name = mocs_compilation.cpp; path = build_xcode/ModuleSystem_autogen/mocs_compilation.cpp; sourceTree = SOURCE_ROOT; };
		03C20053155C4AA597F3D74F /* /Volumes/ACGcomrade_entelechy/kaiMemoriesProject/moduleSystem/build_xcode/CMakeFiles/ModuleSystem.dir/Info.plist */ = {isa = PBXFileReference; explicitFileType = sourcecode.text.plist; fileEncoding = 4; name = Info.plist; path = build_xcode/CMakeFiles/ModuleSystem.dir/Info.plist; sourceTree = SOURCE_ROOT; };
		040DBC2AF9B94024B2EF1816 /* /Volumes/ACGcomrade_entelechy/kaiMemoriesProject/moduleSystem/src/modules/ModuleBase.cpp */ = {isa = PBXFileReference; explicitFileType = sourcecode.cpp.cpp; fileEncoding = 4; name = ModuleBase.cpp; path = src/modules/ModuleBase.cpp; sourceTree = SOURCE_ROOT; };
		0A6BE1B1518F449995AD6BD5 /* /Volumes/ACGcomrade_entelechy/kaiMemoriesProject/moduleSystem/include/modules/ModuleBase.h */ = {isa = PBXFileReference; explicitFileType = sourcecode.c.h; fileEncoding = 4; name = ModuleBase.h; path = include/modules/ModuleBase.h; sourceTree = SOURCE_ROOT; };
		0B4A5ECD312F4BB7A00B0B0A /* ModuleSystem */ = {isa = PBXFileReference; explicitFileType = "compiled.mach-o.executable"; path = ModuleSystem; sourceTree = BUILT_PRODUCTS_DIR; };
		197A2725800F461EB6055BF4 /* /Volumes/ACGcomrade_entelechy/kaiMemoriesProject/moduleSystem/CMakeLists.txt */ = {isa = PBXFileReference; explicitFileType = sourcecode.text; fileEncoding = 4; name = CMakeLists.txt; path = CMakeLists.txt; sourceTree = SOURCE_ROOT; };
		1A5959A9D3D048C4A5B57280 /* /Volumes/ACGcomrade_entelechy/kaiMemoriesProject/moduleSystem/include/modules/ExampleModule.h */ = {isa = PBXFileReference; explicitFileType = sourcecode.c.h; fileEncoding = 4; name = ExampleModule.h; path = include/modules/ExampleModule.h; sourceTree = SOURCE_ROOT; };
		24C1FAD2E858420B9401FFA1 /* /Volumes/ACGcomrade_entelechy/kaiMemoriesProject/moduleSystem/CMakeLists.txt */ = {isa = PBXFileReference; explicitFileType = sourcecode.text; fileEncoding = 4; name = CMakeLists.txt; path = CMakeLists.txt; sourceTree = SOURCE_ROOT; };
		27825812ADAF4290965AE572 /* /Volumes/ACGcomrade_entelechy/kaiMemoriesProject/moduleSystem/CMakeLists.txt */ = {isa = PBXFileReference; explicitFileType = sourcecode.text; fileEncoding = 4; name = CMakeLists.txt; path = CMakeLists.txt; sourceTree = SOURCE_ROOT; };
		28284B8F09904E6D8A7E17F6 /* /Volumes/ACGcomrade_entelechy/kaiMemoriesProject/moduleSystem/include/PerformanceMonitor.h */ = {isa = PBXFileReference; explicitFileType = sourcecode.c.h; fileEncoding = 4; name = PerformanceMonitor.h; path = include/PerformanceMonitor.h; sourceTree = SOURCE_ROOT; };
		3844B79B7E514A01B0A3A8BF /* /Volumes/ACGcomrade_entelechy/kaiMemoriesProject/moduleSystem/include/modules/ModuleBase.h */ = {isa = PBXFileReference; explicitFileType = sourcecode.c.h; fileEncoding = 4; name = ModuleBase.h; path = include/modules/ModuleBase.h; sourceTree = SOURCE_ROOT; };
		43192E30CE9F41BB83399565 /* /Volumes/ACGcomrade_entelechy/kaiMemoriesProject/moduleSystem/src/test_modules.cpp */ = {isa = PBXFileReference; explicitFileType = sourcecode.cpp.cpp; fileEncoding = 4; name = test_modules.cpp; path = src/test_modules.cpp; sourceTree = SOURCE_ROOT; };
		43F062740B5D4117968D796B /* /Volumes/ACGcomrade_entelechy/kaiMemoriesProject/moduleSystem/src/modules/ModuleManager.cpp */ = {isa = PBXFileReference; explicitFileType = sourcecode.cpp.cpp; fileEncoding = 4; name = ModuleManager.cpp; path = src/modules/ModuleManager.cpp; sourceTree = SOURCE_ROOT; };
		4AC8FBF13931401588F03A42 /* /Volumes/ACGcomrade_entelechy/kaiMemoriesProject/moduleSystem/src/modules/ModuleBase.cpp */ = {isa = PBXFileReference; explicitFileType = sourcecode.cpp.cpp; fileEncoding = 4; name = ModuleBase.cpp; path = src/modules/ModuleBase.cpp; sourceTree = SOURCE_ROOT; };
		5092A87669594911812EEE7B /* /Volumes/ACGcomrade_entelechy/kaiMemoriesProject/moduleSystem/include/modules/ModuleManager.h */ = {isa = PBXFileReference; explicitFileType = sourcecode.c.h; fileEncoding = 4; name = ModuleManager.h; path = include/modules/ModuleManager.h; sourceTree = SOURCE_ROOT; };
		564E42FFE5D94E0798BB65D6 /* /opt/homebrew/opt/qt@6/lib/QtCore.framework */ = {isa = PBXFileReference; fileEncoding = 4; lastKnownFileType = wrapper.framework; name = QtCore.framework; path = "/opt/homebrew/opt/qt@6/lib/QtCore.framework"; sourceTree = "<absolute>"; };
		5DAC3A7A01A24A11A498F276 /* /Volumes/ACGcomrade_entelechy/kaiMemoriesProject/moduleSystem/include/MainWindow.h */ = {isa = PBXFileReference; explicitFileType = sourcecode.c.h; fileEncoding = 4; name = MainWindow.h; path = include/MainWindow.h; sourceTree = SOURCE_ROOT; };
		637DF65BEB954609B75DA059 /* /Volumes/ACGcomrade_entelechy/kaiMemoriesProject/moduleSystem/include/modules/CustomModuleTemplate.h */ = {isa = PBXFileReference; explicitFileType = sourcecode.c.h; fileEncoding = 4; name = CustomModuleTemplate.h; path = include/modules/CustomModuleTemplate.h; sourceTree = SOURCE_ROOT; };
		6AD5C93A0DA647468AA2AAC4 /* /Volumes/ACGcomrade_entelechy/kaiMemoriesProject/moduleSystem/include/ResizableSlotWidget.h */ = {isa = PBXFileReference; explicitFileType = sourcecode.c.h; fileEncoding = 4; name = ResizableSlotWidget.h; path = include/ResizableSlotWidget.h; sourceTree = SOURCE_ROOT; };
		6C09D69502DE456E859B0E0E /* /Volumes/ACGcomrade_entelechy/kaiMemoriesProject/moduleSystem/CMakeLists.txt */ = {isa = PBXFileReference; explicitFileType = sourcecode.text; fileEncoding = 4; name = CMakeLists.txt; path = CMakeLists.txt; sourceTree = SOURCE_ROOT; };
		7B7B7522DE43482785DAB6EF /* /Volumes/ACGcomrade_entelechy/kaiMemoriesProject/moduleSystem/src/MainWindow.cpp */ = {isa = PBXFileReference; explicitFileType = sourcecode.cpp.cpp; fileEncoding = 4; name = MainWindow.cpp; path = src/MainWindow.cpp; sourceTree = SOURCE_ROOT; };
		8CA66EA6C58A4F7AB7BE729D /* /Volumes/ACGcomrade_entelechy/kaiMemoriesProject/moduleSystem/src/modules/ModuleManager.cpp */ = {isa = PBXFileReference; explicitFileType = sourcecode.cpp.cpp; fileEncoding = 4; name = ModuleManager.cpp; path = src/modules/ModuleManager.cpp; sourceTree = SOURCE_ROOT; };
		90E96A65BD544B519DDDF40D /* /opt/homebrew/opt/qt@6/lib/QtWidgets.framework */ = {isa = PBXFileReference; fileEncoding = 4; lastKnownFileType = wrapper.framework; name = QtWidgets.framework; path = "/opt/homebrew/opt/qt@6/lib/QtWidgets.framework"; sourceTree = "<absolute>"; };
		A0017AE2AB2648BCA63DFE35 /* /Volumes/ACGcomrade_entelechy/kaiMemoriesProject/moduleSystem/build_xcode/test_modules_autogen/mocs_compilation.cpp */ = {isa = PBXFileReference; explicitFileType = sourcecode.cpp.cpp; fileEncoding = 4; name = mocs_compilation.cpp; path = build_xcode/test_modules_autogen/mocs_compilation.cpp; sourceTree = SOURCE_ROOT; };
		A3D1261744A843E38CA8E9F0 /* test_modules */ = {isa = PBXFileReference; explicitFileType = "compiled.mach-o.executable"; path = test_modules; sourceTree = BUILT_PRODUCTS_DIR; };
		A818261C0A3E4EB3882B2C3B /* /Volumes/ACGcomrade_entelechy/kaiMemoriesProject/moduleSystem/include/modules/CustomModuleTemplate.h */ = {isa = PBXFileReference; explicitFileType = sourcecode.c.h; fileEncoding = 4; name = CustomModuleTemplate.h; path = include/modules/CustomModuleTemplate.h; sourceTree = SOURCE_ROOT; };
		B122F03E2D7C47C8B6F1A55B /* /Volumes/ACGcomrade_entelechy/kaiMemoriesProject/moduleSystem/src/ResizableSlotWidget.cpp */ = {isa = PBXFileReference; explicitFileType = sourcecode.cpp.cpp; fileEncoding = 4; name = ResizableSlotWidget.cpp; path = src/ResizableSlotWidget.cpp; sourceTree = SOURCE_ROOT; };
		B123CAE574504328A9B6270A /* /Volumes/ACGcomrade_entelechy/kaiMemoriesProject/moduleSystem/include/modules/ExampleModule.h */ = {isa = PBXFileReference; explicitFileType = sourcecode.c.h; fileEncoding = 4; name = ExampleModule.h; path = include/modules/ExampleModule.h; sourceTree = SOURCE_ROOT; };
		B2710CF38823439D83D6364D /* /Volumes/ACGcomrade_entelechy/kaiMemoriesProject/moduleSystem/src/modules/CustomModuleTemplate.cpp */ = {isa = PBXFileReference; explicitFileType = sourcecode.cpp.cpp; fileEncoding = 4; name = CustomModuleTemplate.cpp; path = src/modules/CustomModuleTemplate.cpp; sourceTree = SOURCE_ROOT; };
		C6453E92E9584DC19A36AC54 /* /Volumes/ACGcomrade_entelechy/kaiMemoriesProject/moduleSystem/include/modules/ModuleManager.h */ = {isa = PBXFileReference; explicitFileType = sourcecode.c.h; fileEncoding = 4; name = ModuleManager.h; path = include/modules/ModuleManager.h; sourceTree = SOURCE_ROOT; };
		C8E35A92EED34F40A742E05C /* /Volumes/ACGcomrade_entelechy/kaiMemoriesProject/moduleSystem/src/modules/ExampleModule.cpp */ = {isa = PBXFileReference; explicitFileType = sourcecode.cpp.cpp; fileEncoding = 4; name = ExampleModule.cpp; path = src/modules/ExampleModule.cpp; sourceTree = SOURCE_ROOT; };
		CF89567CD4844BCAA1D9F5BB /* /Volumes/ACGcomrade_entelechy/kaiMemoriesProject/moduleSystem/CMakeLists.txt */ = {isa = PBXFileReference; explicitFileType = sourcecode.text; fileEncoding = 4; name = CMakeLists.txt; path = CMakeLists.txt; sourceTree = SOURCE_ROOT; };
		D699FB0A77B44AC8961391EA /* /opt/homebrew/opt/qt@6/lib/QtGui.framework */ = {isa = PBXFileReference; fileEncoding = 4; lastKnownFileType = wrapper.framework; name = QtGui.framework; path = "/opt/homebrew/opt/qt@6/lib/QtGui.framework"; sourceTree = "<absolute>"; };
		E6EEDA06A8634AFC8E69658E /* /Volumes/ACGcomrade_entelechy/kaiMemoriesProject/moduleSystem/src/modules/ExampleModule.cpp */ = {isa = PBXFileReference; explicitFileType = sourcecode.cpp.cpp; fileEncoding = 4; name = ExampleModule.cpp; path = src/modules/ExampleModule.cpp; sourceTree = SOURCE_ROOT; };
		E7C4461672AD4F409641E1C5 /* /Volumes/ACGcomrade_entelechy/kaiMemoriesProject/moduleSystem/src/main.cpp */ = {isa = PBXFileReference; explicitFileType = sourcecode.cpp.cpp; fileEncoding = 4; name = main.cpp; path = src/main.cpp; sourceTree = SOURCE_ROOT; };
		F1D649A4E9E44FECB17A7D7F /* /Volumes/ACGcomrade_entelechy/kaiMemoriesProject/moduleSystem/src/PerformanceMonitor.cpp */ = {isa = PBXFileReference; explicitFileType = sourcecode.cpp.cpp; fileEncoding = 4; name = PerformanceMonitor.cpp; path = src/PerformanceMonitor.cpp; sourceTree = SOURCE_ROOT; };
		FC5D92DD3AE647309C9FBCA3 /* /Volumes/ACGcomrade_entelechy/kaiMemoriesProject/moduleSystem/src/modules/CustomModuleTemplate.cpp */ = {isa = PBXFileReference; explicitFileType = sourcecode.cpp.cpp; fileEncoding = 4; name = CustomModuleTemplate.cpp; path = src/modules/CustomModuleTemplate.cpp; sourceTree = SOURCE_ROOT; };
/* End PBXFileReference section */

/* Begin PBXFrameworksBuildPhase section */
		780EFCDAC105487AB5C104BC /* Frameworks */ = {
			isa = PBXFrameworksBuildPhase;
			buildActionMask = 2147483647;
			files = (
			);
			runOnlyForDeploymentPostprocessing = 0;
		};
		E8AC0CA27AA0440F9160A41D /* Frameworks */ = {
			isa = PBXFrameworksBuildPhase;
			buildActionMask = 2147483647;
			files = (
			);
			runOnlyForDeploymentPostprocessing = 0;
		};
/* End PBXFrameworksBuildPhase section */

/* Begin PBXGroup section */
		0EA738DD8A834D7686625FAD /* test_modules_autogen */ = {
			isa = PBXGroup;
			children = (
				35E447B57879496EBA5ED319 /* CMake Rules */,
				CF89567CD4844BCAA1D9F5BB /* /Volumes/ACGcomrade_entelechy/kaiMemoriesProject/moduleSystem/CMakeLists.txt */,
			);
			name = test_modules_autogen;
			sourceTree = "<group>";
		};
		1E530A8A6C6446F3A995941E /* test_modules */ = {
			isa = PBXGroup;
			children = (
				7D40BAF267BE4BA7B2B645D6 /* Header Files */,
				76331189D93E4DE287464361 /* Source Files */,
				197A2725800F461EB6055BF4 /* /Volumes/ACGcomrade_entelechy/kaiMemoriesProject/moduleSystem/CMakeLists.txt */,
			);
			name = test_modules;
			sourceTree = "<group>";
		};
		2BABE974B5EB4AED9E1746E3 /* Resources */ = {
			isa = PBXGroup;
			children = (
				03C20053155C4AA597F3D74F /* /Volumes/ACGcomrade_entelechy/kaiMemoriesProject/moduleSystem/build_xcode/CMakeFiles/ModuleSystem.dir/Info.plist */,
			);
			name = Resources;
			sourceTree = "<group>";
		};
		35E447B57879496EBA5ED319 /* CMake Rules */ = {
			isa = PBXGroup;
			children = (
			);
			name = "CMake Rules";
			sourceTree = "<group>";
		};
		3AD3EF9EBB9A48ACB487B562 /* ALL_BUILD */ = {
			isa = PBXGroup;
			children = (
				C35F6136FEE94C2C86FBD04D /* CMake Rules */,
				27825812ADAF4290965AE572 /* /Volumes/ACGcomrade_entelechy/kaiMemoriesProject/moduleSystem/CMakeLists.txt */,
			);
			name = ALL_BUILD;
			sourceTree = "<group>";
		};
		5A0CC4D5A5D143B8979C423D /* ModuleSystem_autogen */ = {
			isa = PBXGroup;
			children = (
				C64D5B14C0F04F2697B15DD3 /* CMake Rules */,
				24C1FAD2E858420B9401FFA1 /* /Volumes/ACGcomrade_entelechy/kaiMemoriesProject/moduleSystem/CMakeLists.txt */,
			);
			name = ModuleSystem_autogen;
			sourceTree = "<group>";
		};
		6342E5A8FE18450189BB931A /* Source Files */ = {
			isa = PBXGroup;
			children = (
				0371A9876D5946A0B72F052F /* /Volumes/ACGcomrade_entelechy/kaiMemoriesProject/moduleSystem/build_xcode/ModuleSystem_autogen/mocs_compilation.cpp */,
				7B7B7522DE43482785DAB6EF /* /Volumes/ACGcomrade_entelechy/kaiMemoriesProject/moduleSystem/src/MainWindow.cpp */,
				F1D649A4E9E44FECB17A7D7F /* /Volumes/ACGcomrade_entelechy/kaiMemoriesProject/moduleSystem/src/PerformanceMonitor.cpp */,
				B122F03E2D7C47C8B6F1A55B /* /Volumes/ACGcomrade_entelechy/kaiMemoriesProject/moduleSystem/src/ResizableSlotWidget.cpp */,
				E7C4461672AD4F409641E1C5 /* /Volumes/ACGcomrade_entelechy/kaiMemoriesProject/moduleSystem/src/main.cpp */,
				B2710CF38823439D83D6364D /* /Volumes/ACGcomrade_entelechy/kaiMemoriesProject/moduleSystem/src/modules/CustomModuleTemplate.cpp */,
				C8E35A92EED34F40A742E05C /* /Volumes/ACGcomrade_entelechy/kaiMemoriesProject/moduleSystem/src/modules/ExampleModule.cpp */,
				040DBC2AF9B94024B2EF1816 /* /Volumes/ACGcomrade_entelechy/kaiMemoriesProject/moduleSystem/src/modules/ModuleBase.cpp */,
				8CA66EA6C58A4F7AB7BE729D /* /Volumes/ACGcomrade_entelechy/kaiMemoriesProject/moduleSystem/src/modules/ModuleManager.cpp */,
			);
			name = "Source Files";
			sourceTree = "<group>";
		};
		6875299CD857492DB179EC24 /* Products */ = {
			isa = PBXGroup;
			children = (
				0B4A5ECD312F4BB7A00B0B0A /* ModuleSystem */,
				A3D1261744A843E38CA8E9F0 /* test_modules */,
			);
			name = Products;
			sourceTree = "<group>";
		};
		76331189D93E4DE287464361 /* Source Files */ = {
			isa = PBXGroup;
			children = (
				A0017AE2AB2648BCA63DFE35 /* /Volumes/ACGcomrade_entelechy/kaiMemoriesProject/moduleSystem/build_xcode/test_modules_autogen/mocs_compilation.cpp */,
				FC5D92DD3AE647309C9FBCA3 /* /Volumes/ACGcomrade_entelechy/kaiMemoriesProject/moduleSystem/src/modules/CustomModuleTemplate.cpp */,
				E6EEDA06A8634AFC8E69658E /* /Volumes/ACGcomrade_entelechy/kaiMemoriesProject/moduleSystem/src/modules/ExampleModule.cpp */,
				4AC8FBF13931401588F03A42 /* /Volumes/ACGcomrade_entelechy/kaiMemoriesProject/moduleSystem/src/modules/ModuleBase.cpp */,
				43F062740B5D4117968D796B /* /Volumes/ACGcomrade_entelechy/kaiMemoriesProject/moduleSystem/src/modules/ModuleManager.cpp */,
				43192E30CE9F41BB83399565 /* /Volumes/ACGcomrade_entelechy/kaiMemoriesProject/moduleSystem/src/test_modules.cpp */,
			);
			name = "Source Files";
			sourceTree = "<group>";
		};
		77A45854A28741B7AC327A37 = {
			isa = PBXGroup;
			children = (
				3AD3EF9EBB9A48ACB487B562 /* ALL_BUILD */,
				BB49A8D9D6714273BF425259 /* ModuleSystem */,
				5A0CC4D5A5D143B8979C423D /* ModuleSystem_autogen */,
				1E530A8A6C6446F3A995941E /* test_modules */,
				0EA738DD8A834D7686625FAD /* test_modules_autogen */,
				6875299CD857492DB179EC24 /* Products */,
				D33A2BE7B2714533B811709E /* Frameworks */,
				8B66C6E0837D495AB31D898A /* Resources */,
			);
			sourceTree = "<group>";
		};
		7D40BAF267BE4BA7B2B645D6 /* Header Files */ = {
			isa = PBXGroup;
			children = (
				A818261C0A3E4EB3882B2C3B /* /Volumes/ACGcomrade_entelechy/kaiMemoriesProject/moduleSystem/include/modules/CustomModuleTemplate.h */,
				1A5959A9D3D048C4A5B57280 /* /Volumes/ACGcomrade_entelechy/kaiMemoriesProject/moduleSystem/include/modules/ExampleModule.h */,
				0A6BE1B1518F449995AD6BD5 /* /Volumes/ACGcomrade_entelechy/kaiMemoriesProject/moduleSystem/include/modules/ModuleBase.h */,
				5092A87669594911812EEE7B /* /Volumes/ACGcomrade_entelechy/kaiMemoriesProject/moduleSystem/include/modules/ModuleManager.h */,
			);
			name = "Header Files";
			sourceTree = "<group>";
		};
		8B66C6E0837D495AB31D898A /* Resources */ = {
			isa = PBXGroup;
			children = (
			);
			name = Resources;
			sourceTree = "<group>";
		};
		BB49A8D9D6714273BF425259 /* ModuleSystem */ = {
			isa = PBXGroup;
			children = (
				CF5478E595C349CFB3ED6F71 /* Header Files */,
				2BABE974B5EB4AED9E1746E3 /* Resources */,
				6342E5A8FE18450189BB931A /* Source Files */,
				6C09D69502DE456E859B0E0E /* /Volumes/ACGcomrade_entelechy/kaiMemoriesProject/moduleSystem/CMakeLists.txt */,
			);
			name = ModuleSystem;
			sourceTree = "<group>";
		};
		C35F6136FEE94C2C86FBD04D /* CMake Rules */ = {
			isa = PBXGroup;
			children = (
			);
			name = "CMake Rules";
			sourceTree = "<group>";
		};
		C64D5B14C0F04F2697B15DD3 /* CMake Rules */ = {
			isa = PBXGroup;
			children = (
			);
			name = "CMake Rules";
			sourceTree = "<group>";
		};
		CF5478E595C349CFB3ED6F71 /* Header Files */ = {
			isa = PBXGroup;
			children = (
				5DAC3A7A01A24A11A498F276 /* /Volumes/ACGcomrade_entelechy/kaiMemoriesProject/moduleSystem/include/MainWindow.h */,
				28284B8F09904E6D8A7E17F6 /* /Volumes/ACGcomrade_entelechy/kaiMemoriesProject/moduleSystem/include/PerformanceMonitor.h */,
				6AD5C93A0DA647468AA2AAC4 /* /Volumes/ACGcomrade_entelechy/kaiMemoriesProject/moduleSystem/include/ResizableSlotWidget.h */,
				637DF65BEB954609B75DA059 /* /Volumes/ACGcomrade_entelechy/kaiMemoriesProject/moduleSystem/include/modules/CustomModuleTemplate.h */,
				B123CAE574504328A9B6270A /* /Volumes/ACGcomrade_entelechy/kaiMemoriesProject/moduleSystem/include/modules/ExampleModule.h */,
				3844B79B7E514A01B0A3A8BF /* /Volumes/ACGcomrade_entelechy/kaiMemoriesProject/moduleSystem/include/modules/ModuleBase.h */,
				C6453E92E9584DC19A36AC54 /* /Volumes/ACGcomrade_entelechy/kaiMemoriesProject/moduleSystem/include/modules/ModuleManager.h */,
			);
			name = "Header Files";
			sourceTree = "<group>";
		};
		D33A2BE7B2714533B811709E /* Frameworks */ = {
			isa = PBXGroup;
			children = (
				90E96A65BD544B519DDDF40D /* /opt/homebrew/opt/qt@6/lib/QtWidgets.framework */,
				D699FB0A77B44AC8961391EA /* /opt/homebrew/opt/qt@6/lib/QtGui.framework */,
				564E42FFE5D94E0798BB65D6 /* /opt/homebrew/opt/qt@6/lib/QtCore.framework */,
			);
			name = Frameworks;
			sourceTree = "<group>";
		};
/* End PBXGroup section */

/* Begin PBXNativeTarget section */
		5E8CC2BA43DD0D1EE7B163E6 /* test_modules */ = {
			isa = PBXNativeTarget;
			buildConfigurationList = 575149FBCB2747B2B7BEA1EA /* Build configuration list for PBXNativeTarget "test_modules" */;
			buildPhases = (
				CD158A04D03C4F189B2F4522 /* Sources */,
				E8AC0CA27AA0440F9160A41D /* Frameworks */,
			);
			buildRules = (
			);
			dependencies = (
				8CD669768F75454CB7F6C98C /* PBXTargetDependency */,
				BF622C711E3043BAB5ADE58B /* PBXTargetDependency */,
			);
			name = test_modules;
			productName = test_modules;
			productReference = A3D1261744A843E38CA8E9F0 /* test_modules */;
			productType = "com.apple.product-type.tool";
		};
		84598D00F515292F5439D843 /* ModuleSystem */ = {
			isa = PBXNativeTarget;
			buildConfigurationList = A7DF49E22B9642CDB1AAA99E /* Build configuration list for PBXNativeTarget "ModuleSystem" */;
			buildPhases = (
				E872B90399244C378F68ADD9 /* Sources */,
				780EFCDAC105487AB5C104BC /* Frameworks */,
			);
			buildRules = (
			);
			dependencies = (
				7E02A4802513425F9D920EDD /* PBXTargetDependency */,
				C8EEAFE6ADDF49F3B16F23BE /* PBXTargetDependency */,
			);
			name = ModuleSystem;
			productName = ModuleSystem;
			productReference = 0B4A5ECD312F4BB7A00B0B0A /* ModuleSystem */;
			productType = "com.apple.product-type.application";
		};
/* End PBXNativeTarget section */

/* Begin PBXProject section */
		2C67F38AA09A48D4BD774AB0 /* Project object */ = {
			isa = PBXProject;
			attributes = {
				BuildIndependentTargetsInParallel = YES;
				LastUpgradeCheck = 2610;
			};
			buildConfigurationList = 47C3D519343942EA85D644C1 /* Build configuration list for PBXProject "ModuleSystem" */;
			buildSettings = {
			};
			buildStyles = (
				DB488C514B4C4363995274C9 /* Debug */,
				36C0F4116795481D87EA0D67 /* Release */,
				D5FC3C5B2617450B9888D72C /* MinSizeRel */,
				E4D3435FB75E4E3E994D8EA3 /* RelWithDebInfo */,
			);
			compatibilityVersion = "Xcode 3.2";
			hasScannedForEncodings = 0;
			mainGroup = 77A45854A28741B7AC327A37;
			projectDirPath = /Volumes/ACGcomrade_entelechy/kaiMemoriesProject/moduleSystem;
			projectRoot = "";
			targets = (
				F245C451C22E0F2CE000DE9F /* ALL_BUILD */,
				84598D00F515292F5439D843 /* ModuleSystem */,
				4C9EC4A454749FBE1D2D68B5 /* ModuleSystem_autogen */,
				5E8CC2BA43DD0D1EE7B163E6 /* test_modules */,
				BA2B4436B203E9373C2FD904 /* test_modules_autogen */,
				57A288EB351325B848E4851A /* ZERO_CHECK */,
			);
		};
/* End PBXProject section */

/* Begin PBXShellScriptBuildPhase section */
		02D832A9C307A00D499965DE = {
			isa = PBXShellScriptBuildPhase;
			buildActionMask = 2147483647;
			files = (
			);
			inputPaths = (
			);
			outputPaths = (
			);
			runOnlyForDeploymentPostprocessing = 0;
			shellPath = /bin/sh;
			shellScript = "# shell script goes here
exit 0";
			showEnvVarsInLog = 0;
		};
		294F2C185C826C3E4C5627F0 /* Generate CMakeFiles/ALL_BUILD */ = {
			isa = PBXShellScriptBuildPhase;
			alwaysOutOfDate = 1;
			buildActionMask = 2147483647;
			files = (
			);
			inputPaths = (
			);
			name = "Generate CMakeFiles/ALL_BUILD";
			outputPaths = (
/Volumes/ACGcomrade_entelechy/kaiMemoriesProject/moduleSystem/build_xcode/CMakeFiles/ALL_BUILD			);
			runOnlyForDeploymentPostprocessing = 0;
			shellPath = /bin/sh;
			shellScript = "set -e
if test \"$CONFIGURATION\" = \"Debug\"; then :
  cd /Volumes/ACGcomrade_entelechy/kaiMemoriesProject/moduleSystem/build_xcode
  echo Build\\ all\\ projects
fi
if test \"$CONFIGURATION\" = \"Release\"; then :
  cd /Volumes/ACGcomrade_entelechy/kaiMemoriesProject/moduleSystem/build_xcode
  echo Build\\ all\\ projects
fi
if test \"$CONFIGURATION\" = \"MinSizeRel\"; then :
  cd /Volumes/ACGcomrade_entelechy/kaiMemoriesProject/moduleSystem/build_xcode
  echo Build\\ all\\ projects
fi
if test \"$CONFIGURATION\" = \"RelWithDebInfo\"; then :
  cd /Volumes/ACGcomrade_entelechy/kaiMemoriesProject/moduleSystem/build_xcode
  echo Build\\ all\\ projects
fi
";
			showEnvVarsInLog = 0;
		};
		30160C1B795B6B874F90C0E8 /* Generate CMakeFiles/ModuleSystem_autogen */ = {
			isa = PBXShellScriptBuildPhase;
			alwaysOutOfDate = 1;
			buildActionMask = 2147483647;
			files = (
			);
			inputPaths = (
			);
			name = "Generate CMakeFiles/ModuleSystem_autogen";
			outputPaths = (
/Volumes/ACGcomrade_entelechy/kaiMemoriesProject/moduleSystem/build_xcode/CMakeFiles/ModuleSystem_autogen,/Volumes/ACGcomrade_entelechy/kaiMemoriesProject/moduleSystem/build_xcode/ModuleSystem_autogen/mocs_compilation.cpp			);
			runOnlyForDeploymentPostprocessing = 0;
			shellPath = /bin/sh;
			shellScript = "set -e
if test \"$CONFIGURATION\" = \"Debug\"; then :
  cd /Volumes/ACGcomrade_entelechy/kaiMemoriesProject/moduleSystem/build_xcode
  /opt/homebrew/bin/cmake -E cmake_autogen /Volumes/ACGcomrade_entelechy/kaiMemoriesProject/moduleSystem/build_xcode/CMakeFiles/ModuleSystem_autogen.dir/AutogenInfo.json Debug
fi
if test \"$CONFIGURATION\" = \"Release\"; then :
  cd /Volumes/ACGcomrade_entelechy/kaiMemoriesProject/moduleSystem/build_xcode
  /opt/homebrew/bin/cmake -E cmake_autogen /Volumes/ACGcomrade_entelechy/kaiMemoriesProject/moduleSystem/build_xcode/CMakeFiles/ModuleSystem_autogen.dir/AutogenInfo.json Release
fi
if test \"$CONFIGURATION\" = \"MinSizeRel\"; then :
  cd /Volumes/ACGcomrade_entelechy/kaiMemoriesProject/moduleSystem/build_xcode
  /opt/homebrew/bin/cmake -E cmake_autogen /Volumes/ACGcomrade_entelechy/kaiMemoriesProject/moduleSystem/build_xcode/CMakeFiles/ModuleSystem_autogen.dir/AutogenInfo.json MinSizeRel
fi
if test \"$CONFIGURATION\" = \"RelWithDebInfo\"; then :
  cd /Volumes/ACGcomrade_entelechy/kaiMemoriesProject/moduleSystem/build_xcode
  /opt/homebrew/bin/cmake -E cmake_autogen /Volumes/ACGcomrade_entelechy/kaiMemoriesProject/moduleSystem/build_xcode/CMakeFiles/ModuleSystem_autogen.dir/AutogenInfo.json RelWithDebInfo
fi
";
			showEnvVarsInLog = 0;
		};
		3C0110FC8322DE7E50886E21 = {
			isa = PBXShellScriptBuildPhase;
			buildActionMask = 2147483647;
			files = (
			);
			inputPaths = (
			);
			outputPaths = (
			);
			runOnlyForDeploymentPostprocessing = 0;
			shellPath = /bin/sh;
			shellScript = "# shell script goes here
exit 0";
			showEnvVarsInLog = 0;
		};
		44C7106A5BEE7DDDF2D9D452 /* Generate CMakeFiles/ZERO_CHECK */ = {
			isa = PBXShellScriptBuildPhase;
			alwaysOutOfDate = 1;
			buildActionMask = 2147483647;
			files = (
			);
			inputPaths = (
			);
			name = "Generate CMakeFiles/ZERO_CHECK";
			outputPaths = (
/Volumes/ACGcomrade_entelechy/kaiMemoriesProject/moduleSystem/build_xcode/CMakeFiles/ZERO_CHECK			);
			runOnlyForDeploymentPostprocessing = 0;
			shellPath = /bin/sh;
			shellScript = "set -e
if test \"$CONFIGURATION\" = \"Debug\"; then :
  cd /Volumes/ACGcomrade_entelechy/kaiMemoriesProject/moduleSystem/build_xcode
  make -f /Volumes/ACGcomrade_entelechy/kaiMemoriesProject/moduleSystem/build_xcode/CMakeScripts/ReRunCMake.make
fi
if test \"$CONFIGURATION\" = \"Release\"; then :
  cd /Volumes/ACGcomrade_entelechy/kaiMemoriesProject/moduleSystem/build_xcode
  make -f /Volumes/ACGcomrade_entelechy/kaiMemoriesProject/moduleSystem/build_xcode/CMakeScripts/ReRunCMake.make
fi
if test \"$CONFIGURATION\" = \"MinSizeRel\"; then :
  cd /Volumes/ACGcomrade_entelechy/kaiMemoriesProject/moduleSystem/build_xcode
  make -f /Volumes/ACGcomrade_entelechy/kaiMemoriesProject/moduleSystem/build_xcode/CMakeScripts/ReRunCMake.make
fi
if test \"$CONFIGURATION\" = \"RelWithDebInfo\"; then :
  cd /Volumes/ACGcomrade_entelechy/kaiMemoriesProject/moduleSystem/build_xcode
  make -f /Volumes/ACGcomrade_entelechy/kaiMemoriesProject/moduleSystem/build_xcode/CMakeScripts/ReRunCMake.make
fi
";
			showEnvVarsInLog = 0;
		};
		636DC9584292D8AC371E0B88 = {
			isa = PBXShellScriptBuildPhase;
			buildActionMask = 2147483647;
			files = (
			);
			inputPaths = (
			);
			outputPaths = (
			);
			runOnlyForDeploymentPostprocessing = 0;
			shellPath = /bin/sh;
			shellScript = "# shell script goes here
exit 0";
			showEnvVarsInLog = 0;
		};
		9B50530E35CC49C82C2FACCF = {
			isa = PBXShellScriptBuildPhase;
			buildActionMask = 2147483647;
			files = (
			);
			inputPaths = (
			);
			outputPaths = (
			);
			runOnlyForDeploymentPostprocessing = 0;
			shellPath = /bin/sh;
			shellScript = "# shell script goes here
exit 0";
			showEnvVarsInLog = 0;
		};
		C6D41B588F4BA00DCB710938 /* Generate CMakeFiles/test_modules_autogen */ = {
			isa = PBXShellScriptBuildPhase;
			alwaysOutOfDate = 1;
			buildActionMask = 2147483647;
			files = (
			);
			inputPaths = (
			);
			name = "Generate CMakeFiles/test_modules_autogen";
			outputPaths = (
/Volumes/ACGcomrade_entelechy/kaiMemoriesProject/moduleSystem/build_xcode/CMakeFiles/test_modules_autogen,/Volumes/ACGcomrade_entelechy/kaiMemoriesProject/moduleSystem/build_xcode/test_modules_autogen/mocs_compilation.cpp			);
			runOnlyForDeploymentPostprocessing = 0;
			shellPath = /bin/sh;
			shellScript = "set -e
if test \"$CONFIGURATION\" = \"Debug\"; then :
  cd /Volumes/ACGcomrade_entelechy/kaiMemoriesProject/moduleSystem/build_xcode
  /opt/homebrew/bin/cmake -E cmake_autogen /Volumes/ACGcomrade_entelechy/kaiMemoriesProject/moduleSystem/build_xcode/CMakeFiles/test_modules_autogen.dir/AutogenInfo.json Debug
fi
if test \"$CONFIGURATION\" = \"Release\"; then :
  cd /Volumes/ACGcomrade_entelechy/kaiMemoriesProject/moduleSystem/build_xcode
  /opt/homebrew/bin/cmake -E cmake_autogen /Volumes/ACGcomrade_entelechy/kaiMemoriesProject/moduleSystem/build_xcode/CMakeFiles/test_modules_autogen.dir/AutogenInfo.json Release
fi
if test \"$CONFIGURATION\" = \"MinSizeRel\"; then :
  cd /Volumes/ACGcomrade_entelechy/kaiMemoriesProject/moduleSystem/build_xcode
  /opt/homebrew/bin/cmake -E cmake_autogen /Volumes/ACGcomrade_entelechy/kaiMemoriesProject/moduleSystem/build_xcode/CMakeFiles/test_modules_autogen.dir/AutogenInfo.json MinSizeRel
fi
if test \"$CONFIGURATION\" = \"RelWithDebInfo\"; then :
  cd /Volumes/ACGcomrade_entelechy/kaiMemoriesProject/moduleSystem/build_xcode
  /opt/homebrew/bin/cmake -E cmake_autogen /Volumes/ACGcomrade_entelechy/kaiMemoriesProject/moduleSystem/build_xcode/CMakeFiles/test_modules_autogen.dir/AutogenInfo.json RelWithDebInfo
fi
";
			showEnvVarsInLog = 0;
		};
/* End PBXShellScriptBuildPhase section */

/* Begin PBXSourcesBuildPhase section */
		CD158A04D03C4F189B2F4522 /* Sources */ = {
			isa = PBXSourcesBuildPhase;
			buildActionMask = 2147483647;
			files = (
				3E59F4FE26E145C48249A9E3 /* /Volumes/ACGcomrade_entelechy/kaiMemoriesProject/moduleSystem/build_xcode/test_modules_autogen/mocs_compilation.cpp */,
				C781591D74B640D8897ADDE3 /* /Volumes/ACGcomrade_entelechy/kaiMemoriesProject/moduleSystem/src/modules/CustomModuleTemplate.cpp */,
				41CEFD691E3F483D98BBC2C3 /* /Volumes/ACGcomrade_entelechy/kaiMemoriesProject/moduleSystem/src/modules/ExampleModule.cpp */,
				11B9931DD2014CD9A23105C4 /* /Volumes/ACGcomrade_entelechy/kaiMemoriesProject/moduleSystem/src/modules/ModuleBase.cpp */,
				A82F94D6BC8448F68F48994B /* /Volumes/ACGcomrade_entelechy/kaiMemoriesProject/moduleSystem/src/modules/ModuleManager.cpp */,
				A628BD87DF974CD5A8C82ECB /* /Volumes/ACGcomrade_entelechy/kaiMemoriesProject/moduleSystem/src/test_modules.cpp */,
			);
			runOnlyForDeploymentPostprocessing = 0;
		};
		E872B90399244C378F68ADD9 /* Sources */ = {
			isa = PBXSourcesBuildPhase;
			buildActionMask = 2147483647;
			files = (
				05137F76AB134715BCCD239F /* /Volumes/ACGcomrade_entelechy/kaiMemoriesProject/moduleSystem/build_xcode/ModuleSystem_autogen/mocs_compilation.cpp */,
				7FB68C846E5342BF89888471 /* /Volumes/ACGcomrade_entelechy/kaiMemoriesProject/moduleSystem/src/MainWindow.cpp */,
				ED73173EDE3544EFBF6B1B4E /* /Volumes/ACGcomrade_entelechy/kaiMemoriesProject/moduleSystem/src/PerformanceMonitor.cpp */,
				C7E768370A8A4A079F774B08 /* /Volumes/ACGcomrade_entelechy/kaiMemoriesProject/moduleSystem/src/ResizableSlotWidget.cpp */,
				062BEC9AD98E4257979BDD4D /* /Volumes/ACGcomrade_entelechy/kaiMemoriesProject/moduleSystem/src/main.cpp */,
				2523BF71E89349978286F680 /* /Volumes/ACGcomrade_entelechy/kaiMemoriesProject/moduleSystem/src/modules/CustomModuleTemplate.cpp */,
				3F4388D3A1A84882BF298DF9 /* /Volumes/ACGcomrade_entelechy/kaiMemoriesProject/moduleSystem/src/modules/ExampleModule.cpp */,
				A54ABB8531804734BBB2F2B2 /* /Volumes/ACGcomrade_entelechy/kaiMemoriesProject/moduleSystem/src/modules/ModuleBase.cpp */,
				556FFE1DA03A4B8D9B36D752 /* /Volumes/ACGcomrade_entelechy/kaiMemoriesProject/moduleSystem/src/modules/ModuleManager.cpp */,
			);
			runOnlyForDeploymentPostprocessing = 0;
		};
/* End PBXSourcesBuildPhase section */

/* Begin PBXTargetDependency section */
		61286466245745C686CA185A /* PBXTargetDependency */ = {
			isa = PBXTargetDependency;
			target = 5E8CC2BA43DD0D1EE7B163E6 /* test_modules */;
			targetProxy = 89BD48AA4E3249EFA0EE0649 /* PBXContainerItemProxy */;
		};
		7E02A4802513425F9D920EDD /* PBXTargetDependency */ = {
			isa = PBXTargetDependency;
			target = 57A288EB351325B848E4851A /* ZERO_CHECK */;
			targetProxy = 16BF87B2C06345499E100E48 /* PBXContainerItemProxy */;
		};
		7ECBA9A8E23749ECB4D7295E /* PBXTargetDependency */ = {
			isa = PBXTargetDependency;
			target = 84598D00F515292F5439D843 /* ModuleSystem */;
			targetProxy = E144F45C33634AD1B05875CD /* PBXContainerItemProxy */;
		};
		8CD669768F75454CB7F6C98C /* PBXTargetDependency */ = {
			isa = PBXTargetDependency;
			target = 57A288EB351325B848E4851A /* ZERO_CHECK */;
			targetProxy = 942D3878711D444690EB9EEC /* PBXContainerItemProxy */;
		};
		8EE629F3403843AD823D5BE5 /* PBXTargetDependency */ = {
			isa = PBXTargetDependency;
			target = 57A288EB351325B848E4851A /* ZERO_CHECK */;
			targetProxy = CBB8B81758BA4355A81B5620 /* PBXContainerItemProxy */;
		};
		BF622C711E3043BAB5ADE58B /* PBXTargetDependency */ = {
			isa = PBXTargetDependency;
			target = BA2B4436B203E9373C2FD904 /* test_modules_autogen */;
			targetProxy = 480D8318F1FE4B0FA36C2B9C /* PBXContainerItemProxy */;
		};
		C8EEAFE6ADDF49F3B16F23BE /* PBXTargetDependency */ = {
			isa = PBXTargetDependency;
			target = 4C9EC4A454749FBE1D2D68B5 /* ModuleSystem_autogen */;
			targetProxy = BEE997F2C15A473096A5AFA9 /* PBXContainerItemProxy */;
		};
		D43982864AEB489F9E7CAA36 /* PBXTargetDependency */ = {
			isa = PBXTargetDependency;
			target = 57A288EB351325B848E4851A /* ZERO_CHECK */;
			targetProxy = 0DA4235DADFF4C439D320E10 /* PBXContainerItemProxy */;
		};
		F007B7219A264EF6829A0FF8 /* PBXTargetDependency */ = {
			isa = PBXTargetDependency;
			target = 57A288EB351325B848E4851A /* ZERO_CHECK */;
			targetProxy = 4DCAD5FAEB644A77B63C617B /* PBXContainerItemProxy */;
		};
/* End PBXTargetDependency section */

/* Begin XCBuildConfiguration section */
		19C850B5B9764BA591527184 /* MinSizeRel */ = {
			isa = XCBuildConfiguration;
			buildSettings = {
				ALWAYS_SEARCH_USER_PATHS = NO;
				ARCHS = arm64;
				COMBINE_HIDPI_IMAGES = YES;
				GCC_GENERATE_DEBUGGING_SYMBOLS = YES;
				GCC_INLINES_ARE_PRIVATE_EXTERN = NO;
				GCC_OPTIMIZATION_LEVEL = 0;
				GCC_PREPROCESSOR_DEFINITIONS = ("'CMAKE_INTDIR=\"$(CONFIGURATION)$(EFFECTIVE_PLATFORM_NAME)\"'","$(inherited)");
				GCC_SYMBOLS_PRIVATE_EXTERN = NO;
				INSTALL_PATH = "";
				ONLY_ACTIVE_ARCH = NO;
				OTHER_LDFLAGS = ("","$(inherited)");
				OTHER_REZFLAGS = "";
				PRODUCT_NAME = test_modules_autogen;
				SECTORDER_FLAGS = "";
				USE_HEADERMAP = NO;
				WARNING_CFLAGS = ("$(inherited)");
			};
			name = MinSizeRel;
		};
		2159A4A1B619499EBC0956CE /* Release */ = {
			isa = XCBuildConfiguration;
			buildSettings = {
				ALWAYS_SEARCH_USER_PATHS = NO;
				ARCHS = arm64;
				COMBINE_HIDPI_IMAGES = YES;
				GCC_GENERATE_DEBUGGING_SYMBOLS = YES;
				GCC_INLINES_ARE_PRIVATE_EXTERN = NO;
				GCC_OPTIMIZATION_LEVEL = 0;
				GCC_PREPROCESSOR_DEFINITIONS = ("'CMAKE_INTDIR=\"$(CONFIGURATION)$(EFFECTIVE_PLATFORM_NAME)\"'","$(inherited)");
				GCC_SYMBOLS_PRIVATE_EXTERN = NO;
				INSTALL_PATH = "";
				ONLY_ACTIVE_ARCH = NO;
				OTHER_LDFLAGS = ("","$(inherited)");
				OTHER_REZFLAGS = "";
				PRODUCT_NAME = test_modules_autogen;
				SECTORDER_FLAGS = "";
				USE_HEADERMAP = NO;
				WARNING_CFLAGS = ("$(inherited)");
			};
			name = Release;
		};
		3C51EF95CBB0493DA4B50986 /* RelWithDebInfo */ = {
			isa = XCBuildConfiguration;
			buildSettings = {
				ALWAYS_SEARCH_USER_PATHS = NO;
				ARCHS = arm64;
				COMBINE_HIDPI_IMAGES = YES;
				CONFIGURATION_BUILD_DIR = /Volumes/ACGcomrade_entelechy/kaiMemoriesProject/moduleSystem/build_xcode/bin/RelWithDebInfo;
				EXECUTABLE_PREFIX = "";
				EXECUTABLE_SUFFIX = "";
				GCC_GENERATE_DEBUGGING_SYMBOLS = YES;
				GCC_INLINES_ARE_PRIVATE_EXTERN = NO;
				GCC_OPTIMIZATION_LEVEL = 2;
				GCC_PREPROCESSOR_DEFINITIONS = ("'CMAKE_INTDIR=\"$(CONFIGURATION)$(EFFECTIVE_PLATFORM_NAME)\"'",QT_CORE_LIB,QT_NO_DEBUG,QT_WIDGETS_LIB,QT_GUI_LIB,"$(inherited)");
				GCC_SYMBOLS_PRIVATE_EXTERN = NO;
				HEADER_SEARCH_PATHS = (/Volumes/ACGcomrade_entelechy/kaiMemoriesProject/moduleSystem/build_xcode/test_modules_autogen/include_RelWithDebInfo,/Volumes/ACGcomrade_entelechy/kaiMemoriesProject/moduleSystem/include,"$(inherited)");
				INSTALL_PATH = "";
				LD_RUNPATH_SEARCH_PATHS = ("/opt/homebrew/opt/qt@6/lib","$(inherited)");
				ONLY_ACTIVE_ARCH = NO;
				OTHER_CPLUSPLUSFLAGS = "       -DNDEBUG '-std=gnu++17' ";
				OTHER_LDFLAGS = (" -Wl,-search_paths_first -Wl,-headerpad_max_install_names","/opt/homebrew/opt/qt@6/lib/QtWidgets.framework/Versions/A/QtWidgets","/opt/homebrew/opt/qt@6/lib/QtGui.framework/Versions/A/QtGui","-framework AppKit","-framework OpenGL","-framework ImageIO","-framework Metal","/opt/homebrew/opt/qt@6/lib/QtCore.framework/Versions/A/QtCore","-framework IOKit","-framework DiskArbitration","-framework UniformTypeIdentifiers","$(inherited)");
				OTHER_REZFLAGS = "";
				PRODUCT_NAME = test_modules;
				SECTORDER_FLAGS = "";
				SYSTEM_FRAMEWORK_SEARCH_PATHS = ("/opt/homebrew/opt/qt@6/lib","$(inherited)");
				SYSTEM_HEADER_SEARCH_PATHS = ("/opt/homebrew/opt/qt@6/lib/QtCore.framework/Headers","/opt/homebrew/opt/qt@6/share/qt/mkspecs/macx-clang","/opt/homebrew/opt/qt@6/include","/opt/homebrew/opt/qt@6/lib/QtWidgets.framework/Headers","/opt/homebrew/opt/qt@6/lib/QtGui.framework/Headers","$(inherited)");
				TARGET_TEMP_DIR = "/Volumes/ACGcomrade_entelechy/kaiMemoriesProject/moduleSystem/build_xcode/build/test_modules.build/$(CONFIGURATION)$(EFFECTIVE_PLATFORM_NAME)";
				USE_HEADERMAP = NO;
				WARNING_CFLAGS = ("$(inherited)");
			};
			name = RelWithDebInfo;
		};
		4571F96D3ACA45749651B746 /* MinSizeRel */ = {
			isa = XCBuildConfiguration;
			buildSettings = {
				ARCHS = arm64;
				MACOSX_DEPLOYMENT_TARGET = 13.0;
				SDKROOT = "";
				SWIFT_COMPILATION_MODE = wholemodule;
				SYMROOT = /Volumes/ACGcomrade_entelechy/kaiMemoriesProject/moduleSystem/build_xcode/build;
			};
			name = MinSizeRel;
		};
		4AA96E5326B1428AA8771789 /* Debug */ = {
			isa = XCBuildConfiguration;
			buildSettings = {
				ALWAYS_SEARCH_USER_PATHS = NO;
				ARCHS = arm64;
				COMBINE_HIDPI_IMAGES = YES;
				GCC_GENERATE_DEBUGGING_SYMBOLS = YES;
				GCC_INLINES_ARE_PRIVATE_EXTERN = NO;
				GCC_OPTIMIZATION_LEVEL = 0;
				GCC_PREPROCESSOR_DEFINITIONS = ("'CMAKE_INTDIR=\"$(CONFIGURATION)$(EFFECTIVE_PLATFORM_NAME)\"'","$(inherited)");
				GCC_SYMBOLS_PRIVATE_EXTERN = NO;
				INSTALL_PATH = "";
				ONLY_ACTIVE_ARCH = NO;
				OTHER_LDFLAGS = ("","$(inherited)");
				OTHER_REZFLAGS = "";
				PRODUCT_NAME = ALL_BUILD;
				SECTORDER_FLAGS = "";
				USE_HEADERMAP = NO;
				WARNING_CFLAGS = ("$(inherited)");
			};
			name = Debug;
		};
		4C6FBD8C7C15480AA71F248F /* Debug */ = {
			isa = XCBuildConfiguration;
			buildSettings = {
				ALWAYS_SEARCH_USER_PATHS = NO;
				ARCHS = arm64;
				COMBINE_HIDPI_IMAGES = YES;
				GCC_GENERATE_DEBUGGING_SYMBOLS = YES;
				GCC_INLINES_ARE_PRIVATE_EXTERN = NO;
				GCC_OPTIMIZATION_LEVEL = 0;
				GCC_PREPROCESSOR_DEFINITIONS = ("'CMAKE_INTDIR=\"$(CONFIGURATION)$(EFFECTIVE_PLATFORM_NAME)\"'","$(inherited)");
				GCC_SYMBOLS_PRIVATE_EXTERN = NO;
				INSTALL_PATH = "";
				ONLY_ACTIVE_ARCH = NO;
				OTHER_LDFLAGS = ("","$(inherited)");
				OTHER_REZFLAGS = "";
				PRODUCT_NAME = ZERO_CHECK;
				SECTORDER_FLAGS = "";
				USE_HEADERMAP = NO;
				WARNING_CFLAGS = ("$(inherited)");
			};
			name = Debug;
		};
		5076741845F04F74A52DFF2F /* Release */ = {
			isa = XCBuildConfiguration;
			buildSettings = {
				ALWAYS_SEARCH_USER_PATHS = NO;
				ARCHS = arm64;
				COMBINE_HIDPI_IMAGES = YES;
				GCC_GENERATE_DEBUGGING_SYMBOLS = YES;
				GCC_INLINES_ARE_PRIVATE_EXTERN = NO;
				GCC_OPTIMIZATION_LEVEL = 0;
				GCC_PREPROCESSOR_DEFINITIONS = ("'CMAKE_INTDIR=\"$(CONFIGURATION)$(EFFECTIVE_PLATFORM_NAME)\"'","$(inherited)");
				GCC_SYMBOLS_PRIVATE_EXTERN = NO;
				INSTALL_PATH = "";
				ONLY_ACTIVE_ARCH = NO;
				OTHER_LDFLAGS = ("","$(inherited)");
				OTHER_REZFLAGS = "";
				PRODUCT_NAME = ZERO_CHECK;
				SECTORDER_FLAGS = "";
				USE_HEADERMAP = NO;
				WARNING_CFLAGS = ("$(inherited)");
			};
			name = Release;
		};
		527FCA52D25C4FA98F082410 /* MinSizeRel */ = {
			isa = XCBuildConfiguration;
			buildSettings = {
				ALWAYS_SEARCH_USER_PATHS = NO;
				ARCHS = arm64;
				COMBINE_HIDPI_IMAGES = YES;
				GCC_GENERATE_DEBUGGING_SYMBOLS = YES;
				GCC_INLINES_ARE_PRIVATE_EXTERN = NO;
				GCC_OPTIMIZATION_LEVEL = 0;
				GCC_PREPROCESSOR_DEFINITIONS = ("'CMAKE_INTDIR=\"$(CONFIGURATION)$(EFFECTIVE_PLATFORM_NAME)\"'","$(inherited)");
				GCC_SYMBOLS_PRIVATE_EXTERN = NO;
				INSTALL_PATH = "";
				ONLY_ACTIVE_ARCH = NO;
				OTHER_LDFLAGS = ("","$(inherited)");
				OTHER_REZFLAGS = "";
				PRODUCT_NAME = ALL_BUILD;
				SECTORDER_FLAGS = "";
				USE_HEADERMAP = NO;
				WARNING_CFLAGS = ("$(inherited)");
			};
			name = MinSizeRel;
		};
		545C6F48788E4E7C8015192F /* Debug */ = {
			isa = XCBuildConfiguration;
			buildSettings = {
				ALWAYS_SEARCH_USER_PATHS = NO;
				ARCHS = arm64;
				COMBINE_HIDPI_IMAGES = YES;
				CONFIGURATION_BUILD_DIR = /Volumes/ACGcomrade_entelechy/kaiMemoriesProject/moduleSystem/build_xcode/bin/Debug;
				EXECUTABLE_PREFIX = "";
				EXECUTABLE_SUFFIX = "";
				GCC_GENERATE_DEBUGGING_SYMBOLS = YES;
				GCC_INLINES_ARE_PRIVATE_EXTERN = NO;
				GCC_OPTIMIZATION_LEVEL = 0;
				GCC_PREPROCESSOR_DEFINITIONS = ("'CMAKE_INTDIR=\"$(CONFIGURATION)$(EFFECTIVE_PLATFORM_NAME)\"'",QT_CORE_LIB,QT_WIDGETS_LIB,QT_GUI_LIB,"$(inherited)");
				GCC_SYMBOLS_PRIVATE_EXTERN = NO;
				HEADER_SEARCH_PATHS = (/Volumes/ACGcomrade_entelechy/kaiMemoriesProject/moduleSystem/build_xcode/test_modules_autogen/include_Debug,/Volumes/ACGcomrade_entelechy/kaiMemoriesProject/moduleSystem/include,"$(inherited)");
				INSTALL_PATH = "";
				LD_RUNPATH_SEARCH_PATHS = ("/opt/homebrew/opt/qt@6/lib","$(inherited)");
				ONLY_ACTIVE_ARCH = NO;
				OTHER_CPLUSPLUSFLAGS = "   '-std=gnu++17' ";
				OTHER_LDFLAGS = (" -Wl,-search_paths_first -Wl,-headerpad_max_install_names","/opt/homebrew/opt/qt@6/lib/QtWidgets.framework/Versions/A/QtWidgets","/opt/homebrew/opt/qt@6/lib/QtGui.framework/Versions/A/QtGui","-framework AppKit","-framework OpenGL","-framework ImageIO","-framework Metal","/opt/homebrew/opt/qt@6/lib/QtCore.framework/Versions/A/QtCore","-framework IOKit","-framework DiskArbitration","-framework UniformTypeIdentifiers","$(inherited)");
				OTHER_REZFLAGS = "";
				PRODUCT_NAME = test_modules;
				SECTORDER_FLAGS = "";
				SYSTEM_FRAMEWORK_SEARCH_PATHS = ("/opt/homebrew/opt/qt@6/lib","$(inherited)");
				SYSTEM_HEADER_SEARCH_PATHS = ("/opt/homebrew/opt/qt@6/lib/QtCore.framework/Headers","/opt/homebrew/opt/qt@6/share/qt/mkspecs/macx-clang","/opt/homebrew/opt/qt@6/include","/opt/homebrew/opt/qt@6/lib/QtWidgets.framework/Headers","/opt/homebrew/opt/qt@6/lib/QtGui.framework/Headers","$(inherited)");
				TARGET_TEMP_DIR = "/Volumes/ACGcomrade_entelechy/kaiMemoriesProject/moduleSystem/build_xcode/build/test_modules.build/$(CONFIGURATION)$(EFFECTIVE_PLATFORM_NAME)";
				USE_HEADERMAP = NO;
				WARNING_CFLAGS = ("$(inherited)");
			};
			name = Debug;
		};
		603E52C743C74CDC8A79EA38 /* Release */ = {
			isa = XCBuildConfiguration;
			buildSettings = {
				ALWAYS_SEARCH_USER_PATHS = NO;
				ARCHS = arm64;
				COMBINE_HIDPI_IMAGES = YES;
				GCC_GENERATE_DEBUGGING_SYMBOLS = YES;
				GCC_INLINES_ARE_PRIVATE_EXTERN = NO;
				GCC_OPTIMIZATION_LEVEL = 0;
				GCC_PREPROCESSOR_DEFINITIONS = ("'CMAKE_INTDIR=\"$(CONFIGURATION)$(EFFECTIVE_PLATFORM_NAME)\"'","$(inherited)");
				GCC_SYMBOLS_PRIVATE_EXTERN = NO;
				INSTALL_PATH = "";
				ONLY_ACTIVE_ARCH = NO;
				OTHER_LDFLAGS = ("","$(inherited)");
				OTHER_REZFLAGS = "";
				PRODUCT_NAME = ModuleSystem_autogen;
				SECTORDER_FLAGS = "";
				USE_HEADERMAP = NO;
				WARNING_CFLAGS = ("$(inherited)");
			};
			name = Release;
		};
		60FAA38BD9914515AEAD6B58 /* RelWithDebInfo */ = {
			isa = XCBuildConfiguration;
			buildSettings = {
				ALWAYS_SEARCH_USER_PATHS = NO;
				ARCHS = arm64;
				COMBINE_HIDPI_IMAGES = YES;
				GCC_GENERATE_DEBUGGING_SYMBOLS = YES;
				GCC_INLINES_ARE_PRIVATE_EXTERN = NO;
				GCC_OPTIMIZATION_LEVEL = 0;
				GCC_PREPROCESSOR_DEFINITIONS = ("'CMAKE_INTDIR=\"$(CONFIGURATION)$(EFFECTIVE_PLATFORM_NAME)\"'","$(inherited)");
				GCC_SYMBOLS_PRIVATE_EXTERN = NO;
				INSTALL_PATH = "";
				ONLY_ACTIVE_ARCH = NO;
				OTHER_LDFLAGS = ("","$(inherited)");
				OTHER_REZFLAGS = "";
				PRODUCT_NAME = ZERO_CHECK;
				SECTORDER_FLAGS = "";
				USE_HEADERMAP = NO;
				WARNING_CFLAGS = ("$(inherited)");
			};
			name = RelWithDebInfo;
		};
		6268A1FB126E41B7BFCF2838 /* Release */ = {
			isa = XCBuildConfiguration;
			buildSettings = {
				ALWAYS_SEARCH_USER_PATHS = NO;
				ARCHS = arm64;
				COMBINE_HIDPI_IMAGES = YES;
				CONFIGURATION_BUILD_DIR = /Volumes/ACGcomrade_entelechy/kaiMemoriesProject/moduleSystem/build_xcode/bin/Release;
				EXECUTABLE_PREFIX = "";
				EXECUTABLE_SUFFIX = "";
				GCC_GENERATE_DEBUGGING_SYMBOLS = NO;
				GCC_INLINES_ARE_PRIVATE_EXTERN = NO;
				GCC_OPTIMIZATION_LEVEL = 3;
				GCC_PREPROCESSOR_DEFINITIONS = ("'CMAKE_INTDIR=\"$(CONFIGURATION)$(EFFECTIVE_PLATFORM_NAME)\"'",QT_CORE_LIB,QT_NO_DEBUG,QT_WIDGETS_LIB,QT_GUI_LIB,"$(inherited)");
				GCC_SYMBOLS_PRIVATE_EXTERN = NO;
				HEADER_SEARCH_PATHS = (/Volumes/ACGcomrade_entelechy/kaiMemoriesProject/moduleSystem/build_xcode/ModuleSystem_autogen/include_Release,/Volumes/ACGcomrade_entelechy/kaiMemoriesProject/moduleSystem/include,"$(inherited)");
				INFOPLIST_FILE = /Volumes/ACGcomrade_entelechy/kaiMemoriesProject/moduleSystem/build_xcode/CMakeFiles/ModuleSystem.dir/Info.plist;
				INSTALL_PATH = "";
				LD_RUNPATH_SEARCH_PATHS = ("/opt/homebrew/opt/qt@6/lib","$(inherited)");
				ONLY_ACTIVE_ARCH = NO;
				OTHER_CPLUSPLUSFLAGS = "    -DNDEBUG '-std=gnu++17' ";
				OTHER_LDFLAGS = (" -Wl,-search_paths_first -Wl,-headerpad_max_install_names","/opt/homebrew/opt/qt@6/lib/QtWidgets.framework/Versions/A/QtWidgets","/opt/homebrew/opt/qt@6/lib/QtGui.framework/Versions/A/QtGui","-framework AppKit","-framework OpenGL","-framework ImageIO","-framework Metal","/opt/homebrew/opt/qt@6/lib/QtCore.framework/Versions/A/QtCore","-framework IOKit","-framework DiskArbitration","-framework UniformTypeIdentifiers","$(inherited)");
				OTHER_REZFLAGS = "";
				PRODUCT_NAME = ModuleSystem;
				SECTORDER_FLAGS = "";
				SYSTEM_FRAMEWORK_SEARCH_PATHS = ("/opt/homebrew/opt/qt@6/lib","$(inherited)");
				SYSTEM_HEADER_SEARCH_PATHS = ("/opt/homebrew/opt/qt@6/lib/QtCore.framework/Headers","/opt/homebrew/opt/qt@6/share/qt/mkspecs/macx-clang","/opt/homebrew/opt/qt@6/include","/opt/homebrew/opt/qt@6/lib/QtWidgets.framework/Headers","/opt/homebrew/opt/qt@6/lib/QtGui.framework/Headers","$(inherited)");
				TARGET_TEMP_DIR = "/Volumes/ACGcomrade_entelechy/kaiMemoriesProject/moduleSystem/build_xcode/build/ModuleSystem.build/$(CONFIGURATION)$(EFFECTIVE_PLATFORM_NAME)";
				USE_HEADERMAP = NO;
				WARNING_CFLAGS = ("$(inherited)");
			};
			name = Release;
		};
		6746419C60CF4FB286C8891B /* Debug */ = {
			isa = XCBuildConfiguration;
			buildSettings = {
				ARCHS = arm64;
				MACOSX_DEPLOYMENT_TARGET = 13.0;
				SDKROOT = "";
				SYMROOT = /Volumes/ACGcomrade_entelechy/kaiMemoriesProject/moduleSystem/build_xcode/build;
			};
			name = Debug;
		};
		67C88E73B2554F4CA3CB5563 /* Release */ = {
			isa = XCBuildConfiguration;
			buildSettings = {
				ALWAYS_SEARCH_USER_PATHS = NO;
				ARCHS = arm64;
				COMBINE_HIDPI_IMAGES = YES;
				CONFIGURATION_BUILD_DIR = /Volumes/ACGcomrade_entelechy/kaiMemoriesProject/moduleSystem/build_xcode/bin/Release;
				EXECUTABLE_PREFIX = "";
				EXECUTABLE_SUFFIX = "";
				GCC_GENERATE_DEBUGGING_SYMBOLS = NO;
				GCC_INLINES_ARE_PRIVATE_EXTERN = NO;
				GCC_OPTIMIZATION_LEVEL = 3;
				GCC_PREPROCESSOR_DEFINITIONS = ("'CMAKE_INTDIR=\"$(CONFIGURATION)$(EFFECTIVE_PLATFORM_NAME)\"'",QT_CORE_LIB,QT_NO_DEBUG,QT_WIDGETS_LIB,QT_GUI_LIB,"$(inherited)");
				GCC_SYMBOLS_PRIVATE_EXTERN = NO;
				HEADER_SEARCH_PATHS = (/Volumes/ACGcomrade_entelechy/kaiMemoriesProject/moduleSystem/build_xcode/test_modules_autogen/include_Release,/Volumes/ACGcomrade_entelechy/kaiMemoriesProject/moduleSystem/include,"$(inherited)");
				INSTALL_PATH = "";
				LD_RUNPATH_SEARCH_PATHS = ("/opt/homebrew/opt/qt@6/lib","$(inherited)");
				ONLY_ACTIVE_ARCH = NO;
				OTHER_CPLUSPLUSFLAGS = "    -DNDEBUG '-std=gnu++17' ";
				OTHER_LDFLAGS = (" -Wl,-search_paths_first -Wl,-headerpad_max_install_names","/opt/homebrew/opt/qt@6/lib/QtWidgets.framework/Versions/A/QtWidgets","/opt/homebrew/opt/qt@6/lib/QtGui.framework/Versions/A/QtGui","-framework AppKit","-framework OpenGL","-framework ImageIO","-framework Metal","/opt/homebrew/opt/qt@6/lib/QtCore.framework/Versions/A/QtCore","-framework IOKit","-framework DiskArbitration","-framework UniformTypeIdentifiers","$(inherited)");
				OTHER_REZFLAGS = "";
				PRODUCT_NAME = test_modules;
				SECTORDER_FLAGS = "";
				SYSTEM_FRAMEWORK_SEARCH_PATHS = ("/opt/homebrew/opt/qt@6/lib","$(inherited)");
				SYSTEM_HEADER_SEARCH_PATHS = ("/opt/homebrew/opt/qt@6/lib/QtCore.framework/Headers","/opt/homebrew/opt/qt@6/share/qt/mkspecs/macx-clang","/opt/homebrew/opt/qt@6/include","/opt/homebrew/opt/qt@6/lib/QtWidgets.framework/Headers","/opt/homebrew/opt/qt@6/lib/QtGui.framework/Headers","$(inherited)");
				TARGET_TEMP_DIR = "/Volumes/ACGcomrade_entelechy/kaiMemoriesProject/moduleSystem/build_xcode/build/test_modules.build/$(CONFIGURATION)$(EFFECTIVE_PLATFORM_NAME)";
				USE_HEADERMAP = NO;
				WARNING_CFLAGS = ("$(inherited)");
			};
			name = Release;
		};
		6950B7857D2A47F19C2C05D2 /* RelWithDebInfo */ = {
			isa = XCBuildConfiguration;
			buildSettings = {
				ALWAYS_SEARCH_USER_PATHS = NO;
				ARCHS = arm64;
				COMBINE_HIDPI_IMAGES = YES;
				GCC_GENERATE_DEBUGGING_SYMBOLS = YES;
				GCC_INLINES_ARE_PRIVATE_EXTERN = NO;
				GCC_OPTIMIZATION_LEVEL = 0;
				GCC_PREPROCESSOR_DEFINITIONS = ("'CMAKE_INTDIR=\"$(CONFIGURATION)$(EFFECTIVE_PLATFORM_NAME)\"'","$(inherited)");
				GCC_SYMBOLS_PRIVATE_EXTERN = NO;
				INSTALL_PATH = "";
				ONLY_ACTIVE_ARCH = NO;
				OTHER_LDFLAGS = ("","$(inherited)");
				OTHER_REZFLAGS = "";
				PRODUCT_NAME = ALL_BUILD;
				SECTORDER_FLAGS = "";
				USE_HEADERMAP = NO;
				WARNING_CFLAGS = ("$(inherited)");
			};
			name = RelWithDebInfo;
		};
		71356DF4EFF748BE9397FC7B /* RelWithDebInfo */ = {
			isa = XCBuildConfiguration;
			buildSettings = {
				ARCHS = arm64;
				MACOSX_DEPLOYMENT_TARGET = 13.0;
				SDKROOT = "";
				SWIFT_COMPILATION_MODE = wholemodule;
				SYMROOT = /Volumes/ACGcomrade_entelechy/kaiMemoriesProject/moduleSystem/build_xcode/build;
			};
			name = RelWithDebInfo;
		};
		75F15B824F884838B92E89C3 /* MinSizeRel */ = {
			isa = XCBuildConfiguration;
			buildSettings = {
				ALWAYS_SEARCH_USER_PATHS = NO;
				ARCHS = arm64;
				COMBINE_HIDPI_IMAGES = YES;
				GCC_GENERATE_DEBUGGING_SYMBOLS = YES;
				GCC_INLINES_ARE_PRIVATE_EXTERN = NO;
				GCC_OPTIMIZATION_LEVEL = 0;
				GCC_PREPROCESSOR_DEFINITIONS = ("'CMAKE_INTDIR=\"$(CONFIGURATION)$(EFFECTIVE_PLATFORM_NAME)\"'","$(inherited)");
				GCC_SYMBOLS_PRIVATE_EXTERN = NO;
				INSTALL_PATH = "";
				ONLY_ACTIVE_ARCH = NO;
				OTHER_LDFLAGS = ("","$(inherited)");
				OTHER_REZFLAGS = "";
				PRODUCT_NAME = ModuleSystem_autogen;
				SECTORDER_FLAGS = "";
				USE_HEADERMAP = NO;
				WARNING_CFLAGS = ("$(inherited)");
			};
			name = MinSizeRel;
		};
		77ECAE58F97D494BA118209E /* Release */ = {
			isa = XCBuildConfiguration;
			buildSettings = {
				ARCHS = arm64;
				MACOSX_DEPLOYMENT_TARGET = 13.0;
				SDKROOT = "";
				SWIFT_COMPILATION_MODE = wholemodule;
				SYMROOT = /Volumes/ACGcomrade_entelechy/kaiMemoriesProject/moduleSystem/build_xcode/build;
			};
			name = Release;
		};
		79831E1F846146B4ACCD5A3D /* MinSizeRel */ = {
			isa = XCBuildConfiguration;
			buildSettings = {
				ALWAYS_SEARCH_USER_PATHS = NO;
				ARCHS = arm64;
				COMBINE_HIDPI_IMAGES = YES;
				CONFIGURATION_BUILD_DIR = /Volumes/ACGcomrade_entelechy/kaiMemoriesProject/moduleSystem/build_xcode/bin/MinSizeRel;
				EXECUTABLE_PREFIX = "";
				EXECUTABLE_SUFFIX = "";
				GCC_GENERATE_DEBUGGING_SYMBOLS = NO;
				GCC_INLINES_ARE_PRIVATE_EXTERN = NO;
				GCC_OPTIMIZATION_LEVEL = s;
				GCC_PREPROCESSOR_DEFINITIONS = ("'CMAKE_INTDIR=\"$(CONFIGURATION)$(EFFECTIVE_PLATFORM_NAME)\"'",QT_CORE_LIB,QT_NO_DEBUG,QT_WIDGETS_LIB,QT_GUI_LIB,"$(inherited)");
				GCC_SYMBOLS_PRIVATE_EXTERN = NO;
				HEADER_SEARCH_PATHS = (/Volumes/ACGcomrade_entelechy/kaiMemoriesProject/moduleSystem/build_xcode/ModuleSystem_autogen/include_MinSizeRel,/Volumes/ACGcomrade_entelechy/kaiMemoriesProject/moduleSystem/include,"$(inherited)");
				INFOPLIST_FILE = /Volumes/ACGcomrade_entelechy/kaiMemoriesProject/moduleSystem/build_xcode/CMakeFiles/ModuleSystem.dir/Info.plist;
				INSTALL_PATH = "";
				LD_RUNPATH_SEARCH_PATHS = ("/opt/homebrew/opt/qt@6/lib","$(inherited)");
				ONLY_ACTIVE_ARCH = NO;
				OTHER_CPLUSPLUSFLAGS = "    -DNDEBUG '-std=gnu++17' ";
				OTHER_LDFLAGS = (" -Wl,-search_paths_first -Wl,-headerpad_max_install_names","/opt/homebrew/opt/qt@6/lib/QtWidgets.framework/Versions/A/QtWidgets","/opt/homebrew/opt/qt@6/lib/QtGui.framework/Versions/A/QtGui","-framework AppKit","-framework OpenGL","-framework ImageIO","-framework Metal","/opt/homebrew/opt/qt@6/lib/QtCore.framework/Versions/A/QtCore","-framework IOKit","-framework DiskArbitration","-framework UniformTypeIdentifiers","$(inherited)");
				OTHER_REZFLAGS = "";
				PRODUCT_NAME = ModuleSystem;
				SECTORDER_FLAGS = "";
				SYSTEM_FRAMEWORK_SEARCH_PATHS = ("/opt/homebrew/opt/qt@6/lib","$(inherited)");
				SYSTEM_HEADER_SEARCH_PATHS = ("/opt/homebrew/opt/qt@6/lib/QtCore.framework/Headers","/opt/homebrew/opt/qt@6/share/qt/mkspecs/macx-clang","/opt/homebrew/opt/qt@6/include","/opt/homebrew/opt/qt@6/lib/QtWidgets.framework/Headers","/opt/homebrew/opt/qt@6/lib/QtGui.framework/Headers","$(inherited)");
				TARGET_TEMP_DIR = "/Volumes/ACGcomrade_entelechy/kaiMemoriesProject/moduleSystem/build_xcode/build/ModuleSystem.build/$(CONFIGURATION)$(EFFECTIVE_PLATFORM_NAME)";
				USE_HEADERMAP = NO;
				WARNING_CFLAGS = ("$(inherited)");
			};
			name = MinSizeRel;
		};
		88F8E788924D40D591870CCC /* RelWithDebInfo */ = {
			isa = XCBuildConfiguration;
			buildSettings = {
				ALWAYS_SEARCH_USER_PATHS = NO;
				ARCHS = arm64;
				COMBINE_HIDPI_IMAGES = YES;
				GCC_GENERATE_DEBUGGING_SYMBOLS = YES;
				GCC_INLINES_ARE_PRIVATE_EXTERN = NO;
				GCC_OPTIMIZATION_LEVEL = 0;
				GCC_PREPROCESSOR_DEFINITIONS = ("'CMAKE_INTDIR=\"$(CONFIGURATION)$(EFFECTIVE_PLATFORM_NAME)\"'","$(inherited)");
				GCC_SYMBOLS_PRIVATE_EXTERN = NO;
				INSTALL_PATH = "";
				ONLY_ACTIVE_ARCH = NO;
				OTHER_LDFLAGS = ("","$(inherited)");
				OTHER_REZFLAGS = "";
				PRODUCT_NAME = test_modules_autogen;
				SECTORDER_FLAGS = "";
				USE_HEADERMAP = NO;
				WARNING_CFLAGS = ("$(inherited)");
			};
			name = RelWithDebInfo;
		};
		9E4C77FEC4094D2D9CC9CF20 /* RelWithDebInfo */ = {
			isa = XCBuildConfiguration;
			buildSettings = {
				ALWAYS_SEARCH_USER_PATHS = NO;
				ARCHS = arm64;
				COMBINE_HIDPI_IMAGES = YES;
				GCC_GENERATE_DEBUGGING_SYMBOLS = YES;
				GCC_INLINES_ARE_PRIVATE_EXTERN = NO;
				GCC_OPTIMIZATION_LEVEL = 0;
				GCC_PREPROCESSOR_DEFINITIONS = ("'CMAKE_INTDIR=\"$(CONFIGURATION)$(EFFECTIVE_PLATFORM_NAME)\"'","$(inherited)");
				GCC_SYMBOLS_PRIVATE_EXTERN = NO;
				INSTALL_PATH = "";
				ONLY_ACTIVE_ARCH = NO;
				OTHER_LDFLAGS = ("","$(inherited)");
				OTHER_REZFLAGS = "";
				PRODUCT_NAME = ModuleSystem_autogen;
				SECTORDER_FLAGS = "";
				USE_HEADERMAP = NO;
				WARNING_CFLAGS = ("$(inherited)");
			};
			name = RelWithDebInfo;
		};
		A5D103AD77034653AF09FEF2 /* RelWithDebInfo */ = {
			isa = XCBuildConfiguration;
			buildSettings = {
				ALWAYS_SEARCH_USER_PATHS = NO;
				ARCHS = arm64;
				COMBINE_HIDPI_IMAGES = YES;
				CONFIGURATION_BUILD_DIR = /Volumes/ACGcomrade_entelechy/kaiMemoriesProject/moduleSystem/build_xcode/bin/RelWithDebInfo;
				EXECUTABLE_PREFIX = "";
				EXECUTABLE_SUFFIX = "";
				GCC_GENERATE_DEBUGGING_SYMBOLS = YES;
				GCC_INLINES_ARE_PRIVATE_EXTERN = NO;
				GCC_OPTIMIZATION_LEVEL = 2;
				GCC_PREPROCESSOR_DEFINITIONS = ("'CMAKE_INTDIR=\"$(CONFIGURATION)$(EFFECTIVE_PLATFORM_NAME)\"'",QT_CORE_LIB,QT_NO_DEBUG,QT_WIDGETS_LIB,QT_GUI_LIB,"$(inherited)");
				GCC_SYMBOLS_PRIVATE_EXTERN = NO;
				HEADER_SEARCH_PATHS = (/Volumes/ACGcomrade_entelechy/kaiMemoriesProject/moduleSystem/build_xcode/ModuleSystem_autogen/include_RelWithDebInfo,/Volumes/ACGcomrade_entelechy/kaiMemoriesProject/moduleSystem/include,"$(inherited)");
				INFOPLIST_FILE = /Volumes/ACGcomrade_entelechy/kaiMemoriesProject/moduleSystem/build_xcode/CMakeFiles/ModuleSystem.dir/Info.plist;
				INSTALL_PATH = "";
				LD_RUNPATH_SEARCH_PATHS = ("/opt/homebrew/opt/qt@6/lib","$(inherited)");
				ONLY_ACTIVE_ARCH = NO;
				OTHER_CPLUSPLUSFLAGS = "       -DNDEBUG '-std=gnu++17' ";
				OTHER_LDFLAGS = (" -Wl,-search_paths_first -Wl,-headerpad_max_install_names","/opt/homebrew/opt/qt@6/lib/QtWidgets.framework/Versions/A/QtWidgets","/opt/homebrew/opt/qt@6/lib/QtGui.framework/Versions/A/QtGui","-framework AppKit","-framework OpenGL","-framework ImageIO","-framework Metal","/opt/homebrew/opt/qt@6/lib/QtCore.framework/Versions/A/QtCore","-framework IOKit","-framework DiskArbitration","-framework UniformTypeIdentifiers","$(inherited)");
				OTHER_REZFLAGS = "";
				PRODUCT_NAME = ModuleSystem;
				SECTORDER_FLAGS = "";
				SYSTEM_FRAMEWORK_SEARCH_PATHS = ("/opt/homebrew/opt/qt@6/lib","$(inherited)");
				SYSTEM_HEADER_SEARCH_PATHS = ("/opt/homebrew/opt/qt@6/lib/QtCore.framework/Headers","/opt/homebrew/opt/qt@6/share/qt/mkspecs/macx-clang","/opt/homebrew/opt/qt@6/include","/opt/homebrew/opt/qt@6/lib/QtWidgets.framework/Headers","/opt/homebrew/opt/qt@6/lib/QtGui.framework/Headers","$(inherited)");
				TARGET_TEMP_DIR = "/Volumes/ACGcomrade_entelechy/kaiMemoriesProject/moduleSystem/build_xcode/build/ModuleSystem.build/$(CONFIGURATION)$(EFFECTIVE_PLATFORM_NAME)";
				USE_HEADERMAP = NO;
				WARNING_CFLAGS = ("$(inherited)");
			};
			name = RelWithDebInfo;
		};
		B591C47763C444A780E62F75 /* MinSizeRel */ = {
			isa = XCBuildConfiguration;
			buildSettings = {
				ALWAYS_SEARCH_USER_PATHS = NO;
				ARCHS = arm64;
				COMBINE_HIDPI_IMAGES = YES;
				CONFIGURATION_BUILD_DIR = /Volumes/ACGcomrade_entelechy/kaiMemoriesProject/moduleSystem/build_xcode/bin/MinSizeRel;
				EXECUTABLE_PREFIX = "";
				EXECUTABLE_SUFFIX = "";
				GCC_GENERATE_DEBUGGING_SYMBOLS = NO;
				GCC_INLINES_ARE_PRIVATE_EXTERN = NO;
				GCC_OPTIMIZATION_LEVEL = s;
				GCC_PREPROCESSOR_DEFINITIONS = ("'CMAKE_INTDIR=\"$(CONFIGURATION)$(EFFECTIVE_PLATFORM_NAME)\"'",QT_CORE_LIB,QT_NO_DEBUG,QT_WIDGETS_LIB,QT_GUI_LIB,"$(inherited)");
				GCC_SYMBOLS_PRIVATE_EXTERN = NO;
				HEADER_SEARCH_PATHS = (/Volumes/ACGcomrade_entelechy/kaiMemoriesProject/moduleSystem/build_xcode/test_modules_autogen/include_MinSizeRel,/Volumes/ACGcomrade_entelechy/kaiMemoriesProject/moduleSystem/include,"$(inherited)");
				INSTALL_PATH = "";
				LD_RUNPATH_SEARCH_PATHS = ("/opt/homebrew/opt/qt@6/lib","$(inherited)");
				ONLY_ACTIVE_ARCH = NO;
				OTHER_CPLUSPLUSFLAGS = "    -DNDEBUG '-std=gnu++17' ";
				OTHER_LDFLAGS = (" -Wl,-search_paths_first -Wl,-headerpad_max_install_names","/opt/homebrew/opt/qt@6/lib/QtWidgets.framework/Versions/A/QtWidgets","/opt/homebrew/opt/qt@6/lib/QtGui.framework/Versions/A/QtGui","-framework AppKit","-framework OpenGL","-framework ImageIO","-framework Metal","/opt/homebrew/opt/qt@6/lib/QtCore.framework/Versions/A/QtCore","-framework IOKit","-framework DiskArbitration","-framework UniformTypeIdentifiers","$(inherited)");
				OTHER_REZFLAGS = "";
				PRODUCT_NAME = test_modules;
				SECTORDER_FLAGS = "";
				SYSTEM_FRAMEWORK_SEARCH_PATHS = ("/opt/homebrew/opt/qt@6/lib","$(inherited)");
				SYSTEM_HEADER_SEARCH_PATHS = ("/opt/homebrew/opt/qt@6/lib/QtCore.framework/Headers","/opt/homebrew/opt/qt@6/share/qt/mkspecs/macx-clang","/opt/homebrew/opt/qt@6/include","/opt/homebrew/opt/qt@6/lib/QtWidgets.framework/Headers","/opt/homebrew/opt/qt@6/lib/QtGui.framework/Headers","$(inherited)");
				TARGET_TEMP_DIR = "/Volumes/ACGcomrade_entelechy/kaiMemoriesProject/moduleSystem/build_xcode/build/test_modules.build/$(CONFIGURATION)$(EFFECTIVE_PLATFORM_NAME)";
				USE_HEADERMAP = NO;
				WARNING_CFLAGS = ("$(inherited)");
			};
			name = MinSizeRel;
		};
		BE81064715964D1CAD49423E /* Debug */ = {
			isa = XCBuildConfiguration;
			buildSettings = {
				ALWAYS_SEARCH_USER_PATHS = NO;
				ARCHS = arm64;
				COMBINE_HIDPI_IMAGES = YES;
				CONFIGURATION_BUILD_DIR = /Volumes/ACGcomrade_entelechy/kaiMemoriesProject/moduleSystem/build_xcode/bin/Debug;
				EXECUTABLE_PREFIX = "";
				EXECUTABLE_SUFFIX = "";
				GCC_GENERATE_DEBUGGING_SYMBOLS = YES;
				GCC_INLINES_ARE_PRIVATE_EXTERN = NO;
				GCC_OPTIMIZATION_LEVEL = 0;
				GCC_PREPROCESSOR_DEFINITIONS = ("'CMAKE_INTDIR=\"$(CONFIGURATION)$(EFFECTIVE_PLATFORM_NAME)\"'",QT_CORE_LIB,QT_WIDGETS_LIB,QT_GUI_LIB,"$(inherited)");
				GCC_SYMBOLS_PRIVATE_EXTERN = NO;
				HEADER_SEARCH_PATHS = (/Volumes/ACGcomrade_entelechy/kaiMemoriesProject/moduleSystem/build_xcode/ModuleSystem_autogen/include_Debug,/Volumes/ACGcomrade_entelechy/kaiMemoriesProject/moduleSystem/include,"$(inherited)");
				INFOPLIST_FILE = /Volumes/ACGcomrade_entelechy/kaiMemoriesProject/moduleSystem/build_xcode/CMakeFiles/ModuleSystem.dir/Info.plist;
				INSTALL_PATH = "";
				LD_RUNPATH_SEARCH_PATHS = ("/opt/homebrew/opt/qt@6/lib","$(inherited)");
				ONLY_ACTIVE_ARCH = NO;
				OTHER_CPLUSPLUSFLAGS = "   '-std=gnu++17' ";
				OTHER_LDFLAGS = (" -Wl,-search_paths_first -Wl,-headerpad_max_install_names","/opt/homebrew/opt/qt@6/lib/QtWidgets.framework/Versions/A/QtWidgets","/opt/homebrew/opt/qt@6/lib/QtGui.framework/Versions/A/QtGui","-framework AppKit","-framework OpenGL","-framework ImageIO","-framework Metal","/opt/homebrew/opt/qt@6/lib/QtCore.framework/Versions/A/QtCore","-framework IOKit","-framework DiskArbitration","-framework UniformTypeIdentifiers","$(inherited)");
				OTHER_REZFLAGS = "";
				PRODUCT_NAME = ModuleSystem;
				SECTORDER_FLAGS = "";
				SYSTEM_FRAMEWORK_SEARCH_PATHS = ("/opt/homebrew/opt/qt@6/lib","$(inherited)");
				SYSTEM_HEADER_SEARCH_PATHS = ("/opt/homebrew/opt/qt@6/lib/QtCore.framework/Headers","/opt/homebrew/opt/qt@6/share/qt/mkspecs/macx-clang","/opt/homebrew/opt/qt@6/include","/opt/homebrew/opt/qt@6/lib/QtWidgets.framework/Headers","/opt/homebrew/opt/qt@6/lib/QtGui.framework/Headers","$(inherited)");
				TARGET_TEMP_DIR = "/Volumes/ACGcomrade_entelechy/kaiMemoriesProject/moduleSystem/build_xcode/build/ModuleSystem.build/$(CONFIGURATION)$(EFFECTIVE_PLATFORM_NAME)";
				USE_HEADERMAP = NO;
				WARNING_CFLAGS = ("$(inherited)");
			};
			name = Debug;
		};
		C3703F7D446047CBA6CB0043 /* Debug */ = {
			isa = XCBuildConfiguration;
			buildSettings = {
				ALWAYS_SEARCH_USER_PATHS = NO;
				ARCHS = arm64;
				COMBINE_HIDPI_IMAGES = YES;
				GCC_GENERATE_DEBUGGING_SYMBOLS = YES;
				GCC_INLINES_ARE_PRIVATE_EXTERN = NO;
				GCC_OPTIMIZATION_LEVEL = 0;
				GCC_PREPROCESSOR_DEFINITIONS = ("'CMAKE_INTDIR=\"$(CONFIGURATION)$(EFFECTIVE_PLATFORM_NAME)\"'","$(inherited)");
				GCC_SYMBOLS_PRIVATE_EXTERN = NO;
				INSTALL_PATH = "";
				ONLY_ACTIVE_ARCH = NO;
				OTHER_LDFLAGS = ("","$(inherited)");
				OTHER_REZFLAGS = "";
				PRODUCT_NAME = test_modules_autogen;
				SECTORDER_FLAGS = "";
				USE_HEADERMAP = NO;
				WARNING_CFLAGS = ("$(inherited)");
			};
			name = Debug;
		};
		CDB4EBC8853540278CD1B674 /* MinSizeRel */ = {
			isa = XCBuildConfiguration;
			buildSettings = {
				ALWAYS_SEARCH_USER_PATHS = NO;
				ARCHS = arm64;
				COMBINE_HIDPI_IMAGES = YES;
				GCC_GENERATE_DEBUGGING_SYMBOLS = YES;
				GCC_INLINES_ARE_PRIVATE_EXTERN = NO;
				GCC_OPTIMIZATION_LEVEL = 0;
				GCC_PREPROCESSOR_DEFINITIONS = ("'CMAKE_INTDIR=\"$(CONFIGURATION)$(EFFECTIVE_PLATFORM_NAME)\"'","$(inherited)");
				GCC_SYMBOLS_PRIVATE_EXTERN = NO;
				INSTALL_PATH = "";
				ONLY_ACTIVE_ARCH = NO;
				OTHER_LDFLAGS = ("","$(inherited)");
				OTHER_REZFLAGS = "";
				PRODUCT_NAME = ZERO_CHECK;
				SECTORDER_FLAGS = "";
				USE_HEADERMAP = NO;
				WARNING_CFLAGS = ("$(inherited)");
			};
			name = MinSizeRel;
		};
		E3211DEC2AFC4412B05D0B11 /* Release */ = {
			isa = XCBuildConfiguration;
			buildSettings = {
				ALWAYS_SEARCH_USER_PATHS = NO;
				ARCHS = arm64;
				COMBINE_HIDPI_IMAGES = YES;
				GCC_GENERATE_DEBUGGING_SYMBOLS = YES;
				GCC_INLINES_ARE_PRIVATE_EXTERN = NO;
				GCC_OPTIMIZATION_LEVEL = 0;
				GCC_PREPROCESSOR_DEFINITIONS = ("'CMAKE_INTDIR=\"$(CONFIGURATION)$(EFFECTIVE_PLATFORM_NAME)\"'","$(inherited)");
				GCC_SYMBOLS_PRIVATE_EXTERN = NO;
				INSTALL_PATH = "";
				ONLY_ACTIVE_ARCH = NO;
				OTHER_LDFLAGS = ("","$(inherited)");
				OTHER_REZFLAGS = "";
				PRODUCT_NAME = ALL_BUILD;
				SECTORDER_FLAGS = "";
				USE_HEADERMAP = NO;
				WARNING_CFLAGS = ("$(inherited)");
			};
			name = Release;
		};
		F66F6C3CE3394B1B926A1D67 /* Debug */ = {
			isa = XCBuildConfiguration;
			buildSettings = {
				ALWAYS_SEARCH_USER_PATHS = NO;
				ARCHS = arm64;
				COMBINE_HIDPI_IMAGES = YES;
				GCC_GENERATE_DEBUGGING_SYMBOLS = YES;
				GCC_INLINES_ARE_PRIVATE_EXTERN = NO;
				GCC_OPTIMIZATION_LEVEL = 0;
				GCC_PREPROCESSOR_DEFINITIONS = ("'CMAKE_INTDIR=\"$(CONFIGURATION)$(EFFECTIVE_PLATFORM_NAME)\"'","$(inherited)");
				GCC_SYMBOLS_PRIVATE_EXTERN = NO;
				INSTALL_PATH = "";
				ONLY_ACTIVE_ARCH = NO;
				OTHER_LDFLAGS = ("","$(inherited)");
				OTHER_REZFLAGS = "";
				PRODUCT_NAME = ModuleSystem_autogen;
				SECTORDER_FLAGS = "";
				USE_HEADERMAP = NO;
				WARNING_CFLAGS = ("$(inherited)");
			};
			name = Debug;
		};
/* End XCBuildConfiguration section */

/* Begin XCConfigurationList section */
		1AE3FB11E61D46D28399EAD9 /* Build configuration list for PBXAggregateTarget "ALL_BUILD" */ = {
			isa = XCConfigurationList;
			buildConfigurations = (
				4AA96E5326B1428AA8771789 /* Debug */,
				E3211DEC2AFC4412B05D0B11 /* Release */,
				527FCA52D25C4FA98F082410 /* MinSizeRel */,
				6950B7857D2A47F19C2C05D2 /* RelWithDebInfo */,
			);
			defaultConfigurationIsVisible = 0;
			defaultConfigurationName = Debug;
		};
		47C3D519343942EA85D644C1 /* Build configuration list for PBXProject "ModuleSystem" */ = {
			isa = XCConfigurationList;
			buildConfigurations = (
				6746419C60CF4FB286C8891B /* Debug */,
				77ECAE58F97D494BA118209E /* Release */,
				4571F96D3ACA45749651B746 /* MinSizeRel */,
				71356DF4EFF748BE9397FC7B /* RelWithDebInfo */,
			);
			defaultConfigurationIsVisible = 0;
			defaultConfigurationName = Debug;
		};
		575149FBCB2747B2B7BEA1EA /* Build configuration list for PBXNativeTarget "test_modules" */ = {
			isa = XCConfigurationList;
			buildConfigurations = (
				545C6F48788E4E7C8015192F /* Debug */,
				67C88E73B2554F4CA3CB5563 /* Release */,
				B591C47763C444A780E62F75 /* MinSizeRel */,
				3C51EF95CBB0493DA4B50986 /* RelWithDebInfo */,
			);
			defaultConfigurationIsVisible = 0;
			defaultConfigurationName = Debug;
		};
		6F06E7DE47834AA1AFDC3D1A /* Build configuration list for PBXAggregateTarget "test_modules_autogen" */ = {
			isa = XCConfigurationList;
			buildConfigurations = (
				C3703F7D446047CBA6CB0043 /* Debug */,
				2159A4A1B619499EBC0956CE /* Release */,
				19C850B5B9764BA591527184 /* MinSizeRel */,
				88F8E788924D40D591870CCC /* RelWithDebInfo */,
			);
			defaultConfigurationIsVisible = 0;
			defaultConfigurationName = Debug;
		};
		6F7A33C6937F485699E23B61 /* Build configuration list for PBXAggregateTarget "ZERO_CHECK" */ = {
			isa = XCConfigurationList;
			buildConfigurations = (
				4C6FBD8C7C15480AA71F248F /* Debug */,
				5076741845F04F74A52DFF2F /* Release */,
				CDB4EBC8853540278CD1B674 /* MinSizeRel */,
				60FAA38BD9914515AEAD6B58 /* RelWithDebInfo */,
			);
			defaultConfigurationIsVisible = 0;
			defaultConfigurationName = Debug;
		};
		A7DF49E22B9642CDB1AAA99E /* Build configuration list for PBXNativeTarget "ModuleSystem" */ = {
			isa = XCConfigurationList;
			buildConfigurations = (
				BE81064715964D1CAD49423E /* Debug */,
				6268A1FB126E41B7BFCF2838 /* Release */,
				79831E1F846146B4ACCD5A3D /* MinSizeRel */,
				A5D103AD77034653AF09FEF2 /* RelWithDebInfo */,
			);
			defaultConfigurationIsVisible = 0;
			defaultConfigurationName = Debug;
		};
		AFD850D098ED49BDA555A126 /* Build configuration list for PBXAggregateTarget "ModuleSystem_autogen" */ = {
			isa = XCConfigurationList;
			buildConfigurations = (
				F66F6C3CE3394B1B926A1D67 /* Debug */,
				603E52C743C74CDC8A79EA38 /* Release */,
				75F15B824F884838B92E89C3 /* MinSizeRel */,
				9E4C77FEC4094D2D9CC9CF20 /* RelWithDebInfo */,
			);
			defaultConfigurationIsVisible = 0;
			defaultConfigurationName = Debug;
		};
/* End XCConfigurationList section */
	};
	rootObject = 2C67F38AA09A48D4BD774AB0 /* Project object */;
}
